// !$*UTF8*$!
{
	archiveVersion = 1;
	classes = {
	};
	objectVersion = 46;
	objects = {

/* Begin PBXBuildFile section */
		BF0D18261660D0540050AD3C /* dummyvideo.dylib in Resources */ = {isa = PBXBuildFile; fileRef = BF0D181A1660D0380050AD3C /* dummyvideo.dylib */; };
		BF0D18271660D0580050AD3C /* gles2n64.dylib in Resources */ = {isa = PBXBuildFile; fileRef = BF0D181B1660D0380050AD3C /* gles2n64.dylib */; };
		BF0D18281660D05B0050AD3C /* jttl_audio.dylib in Resources */ = {isa = PBXBuildFile; fileRef = BF0D181C1660D0380050AD3C /* jttl_audio.dylib */; };
		BF0D18291660D05D0050AD3C /* mupen64_hle_rsp_azimer.dylib in Resources */ = {isa = PBXBuildFile; fileRef = BF0D181D1660D0380050AD3C /* mupen64_hle_rsp_azimer.dylib */; };
		BF0D182B1660D5DA0050AD3C /* dummyinput.dylib in Resources */ = {isa = PBXBuildFile; fileRef = BF0D18191660D0380050AD3C /* dummyinput.dylib */; };
		BF3D116216699B9A004C3D11 /* jttl_audio.conf in Resources */ = {isa = PBXBuildFile; fileRef = BF3D116016699B9A004C3D11 /* jttl_audio.conf */; };
		BF3D116316699B9A004C3D11 /* mupen64plus.conf in Resources */ = {isa = PBXBuildFile; fileRef = BF3D116116699B9A004C3D11 /* mupen64plus.conf */; };
		BF3D11DD1669A7B8004C3D11 /* gles2n64.conf in Resources */ = {isa = PBXBuildFile; fileRef = BF3D11DC1669A7B8004C3D11 /* gles2n64.conf */; };
		BF56EFDD166491C400687060 /* main.c in Sources */ = {isa = PBXBuildFile; fileRef = BF56EF49166491C400687060 /* main.c */; };
		BF56EFDE166491C400687060 /* SDL_compat.c in Sources */ = {isa = PBXBuildFile; fileRef = BF56EF4A166491C400687060 /* SDL_compat.c */; };
		BF56EFDF166491C400687060 /* SDL_error.c in Sources */ = {isa = PBXBuildFile; fileRef = BF56EF4B166491C400687060 /* SDL_error.c */; };
		BF56EFE0166491C400687060 /* SDL_fatal.c in Sources */ = {isa = PBXBuildFile; fileRef = BF56EF4C166491C400687060 /* SDL_fatal.c */; };
		BF56EFE1166491C400687060 /* SDL.c in Sources */ = {isa = PBXBuildFile; fileRef = BF56EF4D166491C400687060 /* SDL.c */; };
		BF56EFE2166491C400687060 /* SDL_atomic.c in Sources */ = {isa = PBXBuildFile; fileRef = BF56EF4E166491C400687060 /* SDL_atomic.c */; };
		BF56EFE3166491C400687060 /* SDL_syshaptic.c in Sources */ = {isa = PBXBuildFile; fileRef = BF56EF4F166491C400687060 /* SDL_syshaptic.c */; };
		BF56EFE4166491C400687060 /* SDL_haptic.c in Sources */ = {isa = PBXBuildFile; fileRef = BF56EF50166491C400687060 /* SDL_haptic.c */; };
		BF56EFE5166491C400687060 /* SDL_sysloadso.c in Sources */ = {isa = PBXBuildFile; fileRef = BF56EF51166491C400687060 /* SDL_sysloadso.c */; };
		BF56EFE6166491C400687060 /* SDL_blendline.c in Sources */ = {isa = PBXBuildFile; fileRef = BF56EF52166491C400687060 /* SDL_blendline.c */; };
		BF56EFE7166491C400687060 /* SDL_blendpoint.c in Sources */ = {isa = PBXBuildFile; fileRef = BF56EF53166491C400687060 /* SDL_blendpoint.c */; };
		BF56EFE8166491C400687060 /* SDL_blendrect.c in Sources */ = {isa = PBXBuildFile; fileRef = BF56EF54166491C400687060 /* SDL_blendrect.c */; };
		BF56EFE9166491C400687060 /* SDL_blit_0.c in Sources */ = {isa = PBXBuildFile; fileRef = BF56EF55166491C400687060 /* SDL_blit_0.c */; };
		BF56EFEA166491C400687060 /* SDL_blit_1.c in Sources */ = {isa = PBXBuildFile; fileRef = BF56EF56166491C400687060 /* SDL_blit_1.c */; };
		BF56EFEB166491C400687060 /* SDL_blit_A.c in Sources */ = {isa = PBXBuildFile; fileRef = BF56EF57166491C400687060 /* SDL_blit_A.c */; };
		BF56EFEC166491C400687060 /* SDL_blit_auto.c in Sources */ = {isa = PBXBuildFile; fileRef = BF56EF58166491C400687060 /* SDL_blit_auto.c */; };
		BF56EFED166491C400687060 /* SDL_blit_copy.c in Sources */ = {isa = PBXBuildFile; fileRef = BF56EF59166491C400687060 /* SDL_blit_copy.c */; };
		BF56EFEE166491C400687060 /* SDL_blit_N.c in Sources */ = {isa = PBXBuildFile; fileRef = BF56EF5A166491C400687060 /* SDL_blit_N.c */; };
		BF56EFEF166491C400687060 /* SDL_blit_slow.c in Sources */ = {isa = PBXBuildFile; fileRef = BF56EF5B166491C400687060 /* SDL_blit_slow.c */; };
		BF56EFF0166491C400687060 /* SDL_blit.c in Sources */ = {isa = PBXBuildFile; fileRef = BF56EF5C166491C400687060 /* SDL_blit.c */; };
		BF56EFF1166491C400687060 /* SDL_bmp.c in Sources */ = {isa = PBXBuildFile; fileRef = BF56EF5D166491C400687060 /* SDL_bmp.c */; };
		BF56EFF2166491C400687060 /* SDL_drawline.c in Sources */ = {isa = PBXBuildFile; fileRef = BF56EF5E166491C400687060 /* SDL_drawline.c */; };
		BF56EFF3166491C400687060 /* SDL_drawpoint.c in Sources */ = {isa = PBXBuildFile; fileRef = BF56EF5F166491C400687060 /* SDL_drawpoint.c */; };
		BF56EFF4166491C400687060 /* SDL_fillrect.c in Sources */ = {isa = PBXBuildFile; fileRef = BF56EF60166491C400687060 /* SDL_fillrect.c */; };
		BF56EFF5166491C400687060 /* SDL_gamma.c in Sources */ = {isa = PBXBuildFile; fileRef = BF56EF61166491C400687060 /* SDL_gamma.c */; };
		BF56EFF6166491C400687060 /* SDL_pixels.c in Sources */ = {isa = PBXBuildFile; fileRef = BF56EF62166491C400687060 /* SDL_pixels.c */; };
		BF56EFF7166491C400687060 /* SDL_rect.c in Sources */ = {isa = PBXBuildFile; fileRef = BF56EF63166491C400687060 /* SDL_rect.c */; };
		BF56EFF8166491C400687060 /* SDL_renderer_gl.c in Sources */ = {isa = PBXBuildFile; fileRef = BF56EF64166491C400687060 /* SDL_renderer_gl.c */; };
		BF56EFF9166491C400687060 /* SDL_renderer_gles.c in Sources */ = {isa = PBXBuildFile; fileRef = BF56EF65166491C400687060 /* SDL_renderer_gles.c */; };
		BF56EFFA166491C400687060 /* SDL_renderer_sw.c in Sources */ = {isa = PBXBuildFile; fileRef = BF56EF66166491C400687060 /* SDL_renderer_sw.c */; };
		BF56EFFB166491C400687060 /* SDL_RLEaccel.c in Sources */ = {isa = PBXBuildFile; fileRef = BF56EF67166491C400687060 /* SDL_RLEaccel.c */; };
		BF56EFFC166491C400687060 /* SDL_stretch.c in Sources */ = {isa = PBXBuildFile; fileRef = BF56EF68166491C400687060 /* SDL_stretch.c */; };
		BF56EFFD166491C400687060 /* SDL_surface.c in Sources */ = {isa = PBXBuildFile; fileRef = BF56EF69166491C400687060 /* SDL_surface.c */; };
		BF56EFFE166491C400687060 /* SDL_video.c in Sources */ = {isa = PBXBuildFile; fileRef = BF56EF6A166491C400687060 /* SDL_video.c */; };
		BF56EFFF166491C400687060 /* SDL_yuv_mmx.c in Sources */ = {isa = PBXBuildFile; fileRef = BF56EF6B166491C400687060 /* SDL_yuv_mmx.c */; };
		BF56F000166491C400687060 /* SDL_yuv_sw.c in Sources */ = {isa = PBXBuildFile; fileRef = BF56EF6C166491C400687060 /* SDL_yuv_sw.c */; };
		BF56F001166491C400687060 /* SDL_sysloadso.c in Sources */ = {isa = PBXBuildFile; fileRef = BF56EF6D166491C400687060 /* SDL_sysloadso.c */; };
		BF56F002166491C400687060 /* SDL_joystick.c in Sources */ = {isa = PBXBuildFile; fileRef = BF56EF6E166491C400687060 /* SDL_joystick.c */; };
		BF56F003166491C400687060 /* SDL_coreaudio_iphone.c in Sources */ = {isa = PBXBuildFile; fileRef = BF56EF6F166491C400687060 /* SDL_coreaudio_iphone.c */; };
		BF56F004166491C400687060 /* SDL_nullevents.c in Sources */ = {isa = PBXBuildFile; fileRef = BF56EF70166491C400687060 /* SDL_nullevents.c */; };
		BF56F005166491C400687060 /* SDL_nullrender.c in Sources */ = {isa = PBXBuildFile; fileRef = BF56EF71166491C400687060 /* SDL_nullrender.c */; };
		BF56F006166491C400687060 /* SDL_nullvideo.c in Sources */ = {isa = PBXBuildFile; fileRef = BF56EF72166491C400687060 /* SDL_nullvideo.c */; };
		BF56F007166491C400687060 /* SDL_syscond.c in Sources */ = {isa = PBXBuildFile; fileRef = BF56EF73166491C400687060 /* SDL_syscond.c */; };
		BF56F008166491C400687060 /* SDL_sysmutex.c in Sources */ = {isa = PBXBuildFile; fileRef = BF56EF74166491C400687060 /* SDL_sysmutex.c */; };
		BF56F009166491C400687060 /* SDL_syssem.c in Sources */ = {isa = PBXBuildFile; fileRef = BF56EF75166491C400687060 /* SDL_syssem.c */; };
		BF56F00A166491C400687060 /* SDL_systhread.c in Sources */ = {isa = PBXBuildFile; fileRef = BF56EF76166491C400687060 /* SDL_systhread.c */; };
		BF56F00B166491C400687060 /* SDL_thread.c in Sources */ = {isa = PBXBuildFile; fileRef = BF56EF77166491C400687060 /* SDL_thread.c */; };
		BF56F00C166491C400687060 /* SDL_cpuinfo.c in Sources */ = {isa = PBXBuildFile; fileRef = BF56EF78166491C400687060 /* SDL_cpuinfo.c */; };
		BF56F00D166491C400687060 /* SDL_events.c in Sources */ = {isa = PBXBuildFile; fileRef = BF56EF79166491C400687060 /* SDL_events.c */; };
		BF56F00E166491C400687060 /* SDL_keyboard.c in Sources */ = {isa = PBXBuildFile; fileRef = BF56EF7A166491C400687060 /* SDL_keyboard.c */; };
		BF56F00F166491C400687060 /* SDL_mouse.c in Sources */ = {isa = PBXBuildFile; fileRef = BF56EF7B166491C400687060 /* SDL_mouse.c */; };
		BF56F010166491C400687060 /* SDL_quit.c in Sources */ = {isa = PBXBuildFile; fileRef = BF56EF7C166491C400687060 /* SDL_quit.c */; };
		BF56F011166491C400687060 /* SDL_windowevents.c in Sources */ = {isa = PBXBuildFile; fileRef = BF56EF7D166491C400687060 /* SDL_windowevents.c */; };
		BF56F012166491C400687060 /* SDL_rwops.c in Sources */ = {isa = PBXBuildFile; fileRef = BF56EF7E166491C400687060 /* SDL_rwops.c */; };
		BF56F013166491C400687060 /* SDL_getenv.c in Sources */ = {isa = PBXBuildFile; fileRef = BF56EF7F166491C400687060 /* SDL_getenv.c */; };
		BF56F014166491C400687060 /* SDL_iconv.c in Sources */ = {isa = PBXBuildFile; fileRef = BF56EF80166491C400687060 /* SDL_iconv.c */; };
		BF56F015166491C400687060 /* SDL_malloc.c in Sources */ = {isa = PBXBuildFile; fileRef = BF56EF81166491C400687060 /* SDL_malloc.c */; };
		BF56F016166491C400687060 /* SDL_qsort.c in Sources */ = {isa = PBXBuildFile; fileRef = BF56EF82166491C400687060 /* SDL_qsort.c */; };
		BF56F017166491C400687060 /* SDL_stdlib.c in Sources */ = {isa = PBXBuildFile; fileRef = BF56EF83166491C400687060 /* SDL_stdlib.c */; };
		BF56F018166491C400687060 /* SDL_string.c in Sources */ = {isa = PBXBuildFile; fileRef = BF56EF84166491C400687060 /* SDL_string.c */; };
		BF56F019166491C400687060 /* SDL_dummyaudio.c in Sources */ = {isa = PBXBuildFile; fileRef = BF56EF85166491C400687060 /* SDL_dummyaudio.c */; };
		BF56F01A166491C400687060 /* SDL_audio.c in Sources */ = {isa = PBXBuildFile; fileRef = BF56EF86166491C400687060 /* SDL_audio.c */; };
		BF56F01B166491C400687060 /* SDL_audiocvt.c in Sources */ = {isa = PBXBuildFile; fileRef = BF56EF87166491C400687060 /* SDL_audiocvt.c */; };
		BF56F01C166491C400687060 /* SDL_audiotypecvt.c in Sources */ = {isa = PBXBuildFile; fileRef = BF56EF88166491C400687060 /* SDL_audiotypecvt.c */; };
		BF56F01D166491C400687060 /* SDL_mixer_m68k.c in Sources */ = {isa = PBXBuildFile; fileRef = BF56EF89166491C400687060 /* SDL_mixer_m68k.c */; };
		BF56F01E166491C400687060 /* SDL_mixer_MMX_VC.c in Sources */ = {isa = PBXBuildFile; fileRef = BF56EF8A166491C400687060 /* SDL_mixer_MMX_VC.c */; };
		BF56F01F166491C400687060 /* SDL_mixer_MMX.c in Sources */ = {isa = PBXBuildFile; fileRef = BF56EF8B166491C400687060 /* SDL_mixer_MMX.c */; };
		BF56F020166491C400687060 /* SDL_mixer.c in Sources */ = {isa = PBXBuildFile; fileRef = BF56EF8C166491C400687060 /* SDL_mixer.c */; };
		BF56F021166491C400687060 /* SDL_wave.c in Sources */ = {isa = PBXBuildFile; fileRef = BF56EF8D166491C400687060 /* SDL_wave.c */; };
		BF56F022166491C400687060 /* SDL_systimer.c in Sources */ = {isa = PBXBuildFile; fileRef = BF56EF8E166491C400687060 /* SDL_systimer.c */; };
		BF56F023166491C400687060 /* SDL_timer.c in Sources */ = {isa = PBXBuildFile; fileRef = BF56EF8F166491C400687060 /* SDL_timer.c */; };
		BF56F024166491C500687060 /* SDL_sysjoystick.m in Sources */ = {isa = PBXBuildFile; fileRef = BF56EF90166491C400687060 /* SDL_sysjoystick.m */; settings = {COMPILER_FLAGS = "-fno-objc-arc"; }; };
		BF56F025166491C500687060 /* SDLUIAccelerationDelegate.m in Sources */ = {isa = PBXBuildFile; fileRef = BF56EF91166491C400687060 /* SDLUIAccelerationDelegate.m */; settings = {COMPILER_FLAGS = "-fno-objc-arc"; }; };
		BF56F026166491C500687060 /* SDL_uikitappdelegate.m in Sources */ = {isa = PBXBuildFile; fileRef = BF56EF92166491C400687060 /* SDL_uikitappdelegate.m */; settings = {COMPILER_FLAGS = "-fno-objc-arc"; }; };
		BF56F027166491C500687060 /* SDL_uikitevents.m in Sources */ = {isa = PBXBuildFile; fileRef = BF56EF93166491C400687060 /* SDL_uikitevents.m */; settings = {COMPILER_FLAGS = "-fno-objc-arc"; }; };
		BF56F028166491C500687060 /* SDL_uikitopengles.m in Sources */ = {isa = PBXBuildFile; fileRef = BF56EF94166491C400687060 /* SDL_uikitopengles.m */; settings = {COMPILER_FLAGS = "-fno-objc-arc"; }; };
		BF56F029166491C500687060 /* SDL_uikitopenglview.m in Sources */ = {isa = PBXBuildFile; fileRef = BF56EF95166491C400687060 /* SDL_uikitopenglview.m */; settings = {COMPILER_FLAGS = "-fno-objc-arc"; }; };
		BF56F02A166491C500687060 /* SDL_uikitvideo.m in Sources */ = {isa = PBXBuildFile; fileRef = BF56EF96166491C400687060 /* SDL_uikitvideo.m */; settings = {COMPILER_FLAGS = "-fno-objc-arc"; }; };
		BF56F02B166491C500687060 /* SDL_uikitview.m in Sources */ = {isa = PBXBuildFile; fileRef = BF56EF97166491C400687060 /* SDL_uikitview.m */; settings = {COMPILER_FLAGS = "-fno-objc-arc"; }; };
		BF56F02C166491C500687060 /* SDL_uikitwindow.m in Sources */ = {isa = PBXBuildFile; fileRef = BF56EF98166491C400687060 /* SDL_uikitwindow.m */; settings = {COMPILER_FLAGS = "-fno-objc-arc"; }; };
		BF56F02D166491C500687060 /* plugin.c in Sources */ = {isa = PBXBuildFile; fileRef = BF56EF99166491C400687060 /* plugin.c */; };
		BF56F02E166491C500687060 /* bc.c in Sources */ = {isa = PBXBuildFile; fileRef = BF56EF9A166491C400687060 /* bc.c */; };
		BF56F02F166491C500687060 /* jumphack.c in Sources */ = {isa = PBXBuildFile; fileRef = BF56EF9B166491C400687060 /* jumphack.c */; };
		BF56F030166491C500687060 /* compare_core.c in Sources */ = {isa = PBXBuildFile; fileRef = BF56EF9C166491C400687060 /* compare_core.c */; };
		BF56F031166491C500687060 /* cop0.c in Sources */ = {isa = PBXBuildFile; fileRef = BF56EF9D166491C400687060 /* cop0.c */; };
		BF56F032166491C500687060 /* cop1_d.c in Sources */ = {isa = PBXBuildFile; fileRef = BF56EF9E166491C400687060 /* cop1_d.c */; };
		BF56F033166491C500687060 /* cop1_l.c in Sources */ = {isa = PBXBuildFile; fileRef = BF56EF9F166491C400687060 /* cop1_l.c */; };
		BF56F034166491C500687060 /* cop1_s.c in Sources */ = {isa = PBXBuildFile; fileRef = BF56EFA0166491C400687060 /* cop1_s.c */; };
		BF56F035166491C500687060 /* cop1_w.c in Sources */ = {isa = PBXBuildFile; fileRef = BF56EFA1166491C400687060 /* cop1_w.c */; };
		BF56F036166491C500687060 /* cop1.c in Sources */ = {isa = PBXBuildFile; fileRef = BF56EFA2166491C400687060 /* cop1.c */; };
		BF56F037166491C500687060 /* exception.c in Sources */ = {isa = PBXBuildFile; fileRef = BF56EFA3166491C400687060 /* exception.c */; };
		BF56F038166491C500687060 /* interupt.c in Sources */ = {isa = PBXBuildFile; fileRef = BF56EFA4166491C400687060 /* interupt.c */; };
		BF56F039166491C500687060 /* profile.c in Sources */ = {isa = PBXBuildFile; fileRef = BF56EFA5166491C400687060 /* profile.c */; };
		BF56F03A166491C500687060 /* pure_interp.c in Sources */ = {isa = PBXBuildFile; fileRef = BF56EFA6166491C400687060 /* pure_interp.c */; };
		BF56F03B166491C500687060 /* recomp.c in Sources */ = {isa = PBXBuildFile; fileRef = BF56EFA7166491C400687060 /* recomp.c */; };
		BF56F03C166491C500687060 /* regimm.c in Sources */ = {isa = PBXBuildFile; fileRef = BF56EFA8166491C400687060 /* regimm.c */; };
		BF56F03D166491C500687060 /* special.c in Sources */ = {isa = PBXBuildFile; fileRef = BF56EFA9166491C400687060 /* special.c */; };
		BF56F03E166491C500687060 /* tlb.c in Sources */ = {isa = PBXBuildFile; fileRef = BF56EFAA166491C400687060 /* tlb.c */; };
		BF56F03F166491C500687060 /* dma.c in Sources */ = {isa = PBXBuildFile; fileRef = BF56EFAB166491C400687060 /* dma.c */; };
		BF56F040166491C500687060 /* flashram.c in Sources */ = {isa = PBXBuildFile; fileRef = BF56EFAC166491C400687060 /* flashram.c */; };
		BF56F041166491C500687060 /* memory.c in Sources */ = {isa = PBXBuildFile; fileRef = BF56EFAD166491C400687060 /* memory.c */; };
		BF56F042166491C500687060 /* pif.c in Sources */ = {isa = PBXBuildFile; fileRef = BF56EFAE166491C400687060 /* pif.c */; };
		BF56F043166491C500687060 /* tlb.c in Sources */ = {isa = PBXBuildFile; fileRef = BF56EFAF166491C400687060 /* tlb.c */; };
		BF56F044166491C500687060 /* 7zAlloc.c in Sources */ = {isa = PBXBuildFile; fileRef = BF56EFB0166491C400687060 /* 7zAlloc.c */; };
		BF56F045166491C500687060 /* 7zBuffer.c in Sources */ = {isa = PBXBuildFile; fileRef = BF56EFB1166491C400687060 /* 7zBuffer.c */; };
		BF56F046166491C500687060 /* 7zCrc.c in Sources */ = {isa = PBXBuildFile; fileRef = BF56EFB2166491C400687060 /* 7zCrc.c */; };
		BF56F047166491C500687060 /* 7zDecode.c in Sources */ = {isa = PBXBuildFile; fileRef = BF56EFB3166491C400687060 /* 7zDecode.c */; };
		BF56F048166491C500687060 /* 7zExtract.c in Sources */ = {isa = PBXBuildFile; fileRef = BF56EFB4166491C400687060 /* 7zExtract.c */; };
		BF56F049166491C500687060 /* 7zHeader.c in Sources */ = {isa = PBXBuildFile; fileRef = BF56EFB5166491C400687060 /* 7zHeader.c */; };
		BF56F04A166491C500687060 /* 7zIn.c in Sources */ = {isa = PBXBuildFile; fileRef = BF56EFB6166491C400687060 /* 7zIn.c */; };
		BF56F04B166491C500687060 /* 7zItem.c in Sources */ = {isa = PBXBuildFile; fileRef = BF56EFB7166491C400687060 /* 7zItem.c */; };
		BF56F04C166491C500687060 /* 7zMain.c in Sources */ = {isa = PBXBuildFile; fileRef = BF56EFB8166491C400687060 /* 7zMain.c */; };
		BF56F04D166491C500687060 /* BranchX86_2.c in Sources */ = {isa = PBXBuildFile; fileRef = BF56EFB9166491C400687060 /* BranchX86_2.c */; };
		BF56F04E166491C500687060 /* BranchX86.c in Sources */ = {isa = PBXBuildFile; fileRef = BF56EFBA166491C400687060 /* BranchX86.c */; };
		BF56F04F166491C500687060 /* LzmaDecode.c in Sources */ = {isa = PBXBuildFile; fileRef = BF56EFBB166491C400687060 /* LzmaDecode.c */; };
		BF56F050166491C500687060 /* blocksort.c in Sources */ = {isa = PBXBuildFile; fileRef = BF56EFBC166491C400687060 /* blocksort.c */; };
		BF56F051166491C500687060 /* bzlib.c in Sources */ = {isa = PBXBuildFile; fileRef = BF56EFBD166491C400687060 /* bzlib.c */; };
		BF56F052166491C500687060 /* compress.c in Sources */ = {isa = PBXBuildFile; fileRef = BF56EFBE166491C400687060 /* compress.c */; };
		BF56F053166491C500687060 /* crctable.c in Sources */ = {isa = PBXBuildFile; fileRef = BF56EFBF166491C400687060 /* crctable.c */; };
		BF56F054166491C500687060 /* decompress.c in Sources */ = {isa = PBXBuildFile; fileRef = BF56EFC0166491C400687060 /* decompress.c */; };
		BF56F055166491C500687060 /* huffman.c in Sources */ = {isa = PBXBuildFile; fileRef = BF56EFC1166491C400687060 /* huffman.c */; };
		BF56F056166491C500687060 /* randtable.c in Sources */ = {isa = PBXBuildFile; fileRef = BF56EFC2166491C400687060 /* randtable.c */; };
		BF56F057166491C500687060 /* buffer.c in Sources */ = {isa = PBXBuildFile; fileRef = BF56EFC3166491C400687060 /* buffer.c */; };
		BF56F058166491C500687060 /* io.c in Sources */ = {isa = PBXBuildFile; fileRef = BF56EFC4166491C400687060 /* io.c */; };
		BF56F059166491C500687060 /* main.c in Sources */ = {isa = PBXBuildFile; fileRef = BF56EFC5166491C400687060 /* main.c */; };
		BF56F05A166491C500687060 /* ioapi.c in Sources */ = {isa = PBXBuildFile; fileRef = BF56EFC6166491C400687060 /* ioapi.c */; };
		BF56F05B166491C500687060 /* unzip.c in Sources */ = {isa = PBXBuildFile; fileRef = BF56EFC7166491C400687060 /* unzip.c */; };
		BF56F05C166491C500687060 /* adler32.c in Sources */ = {isa = PBXBuildFile; fileRef = BF56EFC8166491C400687060 /* adler32.c */; };
		BF56F05D166491C500687060 /* cheat.c in Sources */ = {isa = PBXBuildFile; fileRef = BF56EFC9166491C400687060 /* cheat.c */; };
		BF56F05E166491C500687060 /* config.c in Sources */ = {isa = PBXBuildFile; fileRef = BF56EFCA166491C400687060 /* config.c */; };
		BF56F05F166491C500687060 /* md5.c in Sources */ = {isa = PBXBuildFile; fileRef = BF56EFCB166491C400687060 /* md5.c */; };
		BF56F060166491C500687060 /* rom.c in Sources */ = {isa = PBXBuildFile; fileRef = BF56EFCC166491C400687060 /* rom.c */; };
		BF56F061166491C500687060 /* romcache.c in Sources */ = {isa = PBXBuildFile; fileRef = BF56EFCD166491C400687060 /* romcache.c */; };
		BF56F062166491C500687060 /* savestates.c in Sources */ = {isa = PBXBuildFile; fileRef = BF56EFCE166491C400687060 /* savestates.c */; };
		BF56F063166491C500687060 /* util.c in Sources */ = {isa = PBXBuildFile; fileRef = BF56EFCF166491C400687060 /* util.c */; };
		BF56F064166491C500687060 /* translate.c in Sources */ = {isa = PBXBuildFile; fileRef = BF56EFD0166491C400687060 /* translate.c */; };
		BF56F06A166491C500687060 /* lirc.c in Sources */ = {isa = PBXBuildFile; fileRef = BF56EFD6166491C400687060 /* lirc.c */; };
		BF56F06B166491C500687060 /* r4300.c in Sources */ = {isa = PBXBuildFile; fileRef = BF56EFD7166491C400687060 /* r4300.c */; };
		BF56F06D166491C500687060 /* new_dynarec.c in Sources */ = {isa = PBXBuildFile; fileRef = BF56EFD9166491C400687060 /* new_dynarec.c */; };
		BF56F06E166491C500687060 /* empty_dynarec.c in Sources */ = {isa = PBXBuildFile; fileRef = BF56EFDA166491C400687060 /* empty_dynarec.c */; };
		BF7678DB16659F8200C647D8 /* n64ios_arm.s in Sources */ = {isa = PBXBuildFile; fileRef = BF7678DA16659F8200C647D8 /* n64ios_arm.s */; };
		BFA373C016608E5600BAEBC6 /* libiconv.dylib in Frameworks */ = {isa = PBXBuildFile; fileRef = BFA373BF16608E5600BAEBC6 /* libiconv.dylib */; };
		BFB22AEF16253BE900FFDD9D /* mupen64plus.conf in Resources */ = {isa = PBXBuildFile; fileRef = BFB22AEE16253BE900FFDD9D /* mupen64plus.conf */; };
		BFB36C2315805EDB004F5A4E /* UIKit.framework in Frameworks */ = {isa = PBXBuildFile; fileRef = BFB36C2215805EDB004F5A4E /* UIKit.framework */; };
		BFB36C2515805EDB004F5A4E /* Foundation.framework in Frameworks */ = {isa = PBXBuildFile; fileRef = BFB36C2415805EDB004F5A4E /* Foundation.framework */; };
		BFB36C2715805EDB004F5A4E /* CoreGraphics.framework in Frameworks */ = {isa = PBXBuildFile; fileRef = BFB36C2615805EDB004F5A4E /* CoreGraphics.framework */; };
		BFB36C2D15805EDB004F5A4E /* InfoPlist.strings in Resources */ = {isa = PBXBuildFile; fileRef = BFB36C2B15805EDB004F5A4E /* InfoPlist.strings */; };
		BFB36C2F15805EDB004F5A4E /* main.m in Sources */ = {isa = PBXBuildFile; fileRef = BFB36C2E15805EDB004F5A4E /* main.m */; };
		BFB36C3315805EDB004F5A4E /* N64AppDelegate.m in Sources */ = {isa = PBXBuildFile; fileRef = BFB36C3215805EDB004F5A4E /* N64AppDelegate.m */; };
		BFB36C3615805EDB004F5A4E /* MainStoryboard_iPhone.storyboard in Resources */ = {isa = PBXBuildFile; fileRef = BFB36C3415805EDB004F5A4E /* MainStoryboard_iPhone.storyboard */; };
		BFB36C3915805EDB004F5A4E /* MainStoryboard_iPad.storyboard in Resources */ = {isa = PBXBuildFile; fileRef = BFB36C3715805EDB004F5A4E /* MainStoryboard_iPad.storyboard */; };
		BFB36C3C15805EDB004F5A4E /* N64MasterViewController.m in Sources */ = {isa = PBXBuildFile; fileRef = BFB36C3B15805EDB004F5A4E /* N64MasterViewController.m */; };
		BFB36C3F15805EDB004F5A4E /* N64DetailViewController.m in Sources */ = {isa = PBXBuildFile; fileRef = BFB36C3E15805EDB004F5A4E /* N64DetailViewController.m */; };
		BFB36C4915806078004F5A4E /* AudioToolbox.framework in Frameworks */ = {isa = PBXBuildFile; fileRef = BFB36C4815806078004F5A4E /* AudioToolbox.framework */; };
		BFB36C4B1580607E004F5A4E /* OpenGLES.framework in Frameworks */ = {isa = PBXBuildFile; fileRef = BFB36C4A1580607E004F5A4E /* OpenGLES.framework */; };
		BFB36C4D15806084004F5A4E /* QuartzCore.framework in Frameworks */ = {isa = PBXBuildFile; fileRef = BFB36C4C15806084004F5A4E /* QuartzCore.framework */; };
		BFB36C4F15806091004F5A4E /* libz.dylib in Frameworks */ = {isa = PBXBuildFile; fileRef = BFB36C4E15806091004F5A4E /* libz.dylib */; };
/* End PBXBuildFile section */

/* Begin PBXFileReference section */
		BF0D18191660D0380050AD3C /* dummyinput.dylib */ = {isa = PBXFileReference; lastKnownFileType = "compiled.mach-o.dylib"; name = dummyinput.dylib; path = ../src/Mupen64Plus/bin/dummyinput.dylib; sourceTree = "<group>"; };
		BF0D181A1660D0380050AD3C /* dummyvideo.dylib */ = {isa = PBXFileReference; lastKnownFileType = "compiled.mach-o.dylib"; name = dummyvideo.dylib; path = ../src/Mupen64Plus/bin/dummyvideo.dylib; sourceTree = "<group>"; };
		BF0D181B1660D0380050AD3C /* gles2n64.dylib */ = {isa = PBXFileReference; lastKnownFileType = "compiled.mach-o.dylib"; name = gles2n64.dylib; path = ../src/Mupen64Plus/bin/gles2n64.dylib; sourceTree = "<group>"; };
		BF0D181C1660D0380050AD3C /* jttl_audio.dylib */ = {isa = PBXFileReference; lastKnownFileType = "compiled.mach-o.dylib"; name = jttl_audio.dylib; path = ../src/Mupen64Plus/bin/jttl_audio.dylib; sourceTree = "<group>"; };
		BF0D181D1660D0380050AD3C /* mupen64_hle_rsp_azimer.dylib */ = {isa = PBXFileReference; lastKnownFileType = "compiled.mach-o.dylib"; name = mupen64_hle_rsp_azimer.dylib; path = ../src/Mupen64Plus/bin/mupen64_hle_rsp_azimer.dylib; sourceTree = "<group>"; };
		BF0D18C41660DA970050AD3C /* N64Options.h */ = {isa = PBXFileReference; fileEncoding = 4; lastKnownFileType = sourcecode.c.h; path = N64Options.h; sourceTree = "<group>"; };
		BF3D116016699B9A004C3D11 /* jttl_audio.conf */ = {isa = PBXFileReference; fileEncoding = 4; lastKnownFileType = text; name = jttl_audio.conf; path = ../src/Mupen64Plus/config/jttl_audio.conf; sourceTree = "<group>"; };
		BF3D116116699B9A004C3D11 /* mupen64plus.conf */ = {isa = PBXFileReference; fileEncoding = 4; lastKnownFileType = text; name = mupen64plus.conf; path = ../src/Mupen64Plus/config/mupen64plus.conf; sourceTree = "<group>"; };
		BF3D11DC1669A7B8004C3D11 /* gles2n64.conf */ = {isa = PBXFileReference; fileEncoding = 4; lastKnownFileType = text; name = gles2n64.conf; path = ../src/Mupen64Plus/config/gles2n64.conf; sourceTree = "<group>"; };
		BF56EF49166491C400687060 /* main.c */ = {isa = PBXFileReference; lastKnownFileType = sourcecode.c.c; name = main.c; path = ../../src/Mupen64Plus/main/main.c; sourceTree = "<group>"; };
		BF56EF4A166491C400687060 /* SDL_compat.c */ = {isa = PBXFileReference; lastKnownFileType = sourcecode.c.c; name = SDL_compat.c; path = ../../src/SDL/src/SDL_compat.c; sourceTree = "<group>"; };
		BF56EF4B166491C400687060 /* SDL_error.c */ = {isa = PBXFileReference; lastKnownFileType = sourcecode.c.c; name = SDL_error.c; path = ../../src/SDL/src/SDL_error.c; sourceTree = "<group>"; };
		BF56EF4C166491C400687060 /* SDL_fatal.c */ = {isa = PBXFileReference; lastKnownFileType = sourcecode.c.c; name = SDL_fatal.c; path = ../../src/SDL/src/SDL_fatal.c; sourceTree = "<group>"; };
		BF56EF4D166491C400687060 /* SDL.c */ = {isa = PBXFileReference; lastKnownFileType = sourcecode.c.c; name = SDL.c; path = "/Users/Riley/Downloads/N64iOS-master/N64iOS/N64iOS/N64iOS/../../src/SDL/src/SDL.c"; sourceTree = "<absolute>"; };
		BF56EF4E166491C400687060 /* SDL_atomic.c */ = {isa = PBXFileReference; lastKnownFileType = sourcecode.c.c; name = SDL_atomic.c; path = ../../src/SDL/src/atomic/dummy/SDL_atomic.c; sourceTree = "<group>"; };
		BF56EF4F166491C400687060 /* SDL_syshaptic.c */ = {isa = PBXFileReference; lastKnownFileType = sourcecode.c.c; name = SDL_syshaptic.c; path = ../../src/SDL/src/haptic/dummy/SDL_syshaptic.c; sourceTree = "<group>"; };
		BF56EF50166491C400687060 /* SDL_haptic.c */ = {isa = PBXFileReference; lastKnownFileType = sourcecode.c.c; name = SDL_haptic.c; path = ../../src/SDL/src/haptic/SDL_haptic.c; sourceTree = "<group>"; };
		BF56EF51166491C400687060 /* SDL_sysloadso.c */ = {isa = PBXFileReference; lastKnownFileType = sourcecode.c.c; name = SDL_sysloadso.c; path = ../../src/SDL/src/loadso/dlopen/SDL_sysloadso.c; sourceTree = "<group>"; };
		BF56EF52166491C400687060 /* SDL_blendline.c */ = {isa = PBXFileReference; lastKnownFileType = sourcecode.c.c; name = SDL_blendline.c; path = ../../src/SDL/src/video/SDL_blendline.c; sourceTree = "<group>"; };
		BF56EF53166491C400687060 /* SDL_blendpoint.c */ = {isa = PBXFileReference; lastKnownFileType = sourcecode.c.c; name = SDL_blendpoint.c; path = ../../src/SDL/src/video/SDL_blendpoint.c; sourceTree = "<group>"; };
		BF56EF54166491C400687060 /* SDL_blendrect.c */ = {isa = PBXFileReference; lastKnownFileType = sourcecode.c.c; name = SDL_blendrect.c; path = ../../src/SDL/src/video/SDL_blendrect.c; sourceTree = "<group>"; };
		BF56EF55166491C400687060 /* SDL_blit_0.c */ = {isa = PBXFileReference; lastKnownFileType = sourcecode.c.c; name = SDL_blit_0.c; path = ../../src/SDL/src/video/SDL_blit_0.c; sourceTree = "<group>"; };
		BF56EF56166491C400687060 /* SDL_blit_1.c */ = {isa = PBXFileReference; lastKnownFileType = sourcecode.c.c; name = SDL_blit_1.c; path = ../../src/SDL/src/video/SDL_blit_1.c; sourceTree = "<group>"; };
		BF56EF57166491C400687060 /* SDL_blit_A.c */ = {isa = PBXFileReference; lastKnownFileType = sourcecode.c.c; name = SDL_blit_A.c; path = ../../src/SDL/src/video/SDL_blit_A.c; sourceTree = "<group>"; };
		BF56EF58166491C400687060 /* SDL_blit_auto.c */ = {isa = PBXFileReference; lastKnownFileType = sourcecode.c.c; name = SDL_blit_auto.c; path = ../../src/SDL/src/video/SDL_blit_auto.c; sourceTree = "<group>"; };
		BF56EF59166491C400687060 /* SDL_blit_copy.c */ = {isa = PBXFileReference; lastKnownFileType = sourcecode.c.c; name = SDL_blit_copy.c; path = ../../src/SDL/src/video/SDL_blit_copy.c; sourceTree = "<group>"; };
		BF56EF5A166491C400687060 /* SDL_blit_N.c */ = {isa = PBXFileReference; lastKnownFileType = sourcecode.c.c; name = SDL_blit_N.c; path = ../../src/SDL/src/video/SDL_blit_N.c; sourceTree = "<group>"; };
		BF56EF5B166491C400687060 /* SDL_blit_slow.c */ = {isa = PBXFileReference; lastKnownFileType = sourcecode.c.c; name = SDL_blit_slow.c; path = ../../src/SDL/src/video/SDL_blit_slow.c; sourceTree = "<group>"; };
		BF56EF5C166491C400687060 /* SDL_blit.c */ = {isa = PBXFileReference; lastKnownFileType = sourcecode.c.c; name = SDL_blit.c; path = ../../src/SDL/src/video/SDL_blit.c; sourceTree = "<group>"; };
		BF56EF5D166491C400687060 /* SDL_bmp.c */ = {isa = PBXFileReference; lastKnownFileType = sourcecode.c.c; name = SDL_bmp.c; path = ../../src/SDL/src/video/SDL_bmp.c; sourceTree = "<group>"; };
		BF56EF5E166491C400687060 /* SDL_drawline.c */ = {isa = PBXFileReference; lastKnownFileType = sourcecode.c.c; name = SDL_drawline.c; path = ../../src/SDL/src/video/SDL_drawline.c; sourceTree = "<group>"; };
		BF56EF5F166491C400687060 /* SDL_drawpoint.c */ = {isa = PBXFileReference; lastKnownFileType = sourcecode.c.c; name = SDL_drawpoint.c; path = ../../src/SDL/src/video/SDL_drawpoint.c; sourceTree = "<group>"; };
		BF56EF60166491C400687060 /* SDL_fillrect.c */ = {isa = PBXFileReference; lastKnownFileType = sourcecode.c.c; name = SDL_fillrect.c; path = ../../src/SDL/src/video/SDL_fillrect.c; sourceTree = "<group>"; };
		BF56EF61166491C400687060 /* SDL_gamma.c */ = {isa = PBXFileReference; lastKnownFileType = sourcecode.c.c; name = SDL_gamma.c; path = ../../src/SDL/src/video/SDL_gamma.c; sourceTree = "<group>"; };
		BF56EF62166491C400687060 /* SDL_pixels.c */ = {isa = PBXFileReference; lastKnownFileType = sourcecode.c.c; name = SDL_pixels.c; path = ../../src/SDL/src/video/SDL_pixels.c; sourceTree = "<group>"; };
		BF56EF63166491C400687060 /* SDL_rect.c */ = {isa = PBXFileReference; lastKnownFileType = sourcecode.c.c; name = SDL_rect.c; path = ../../src/SDL/src/video/SDL_rect.c; sourceTree = "<group>"; };
		BF56EF64166491C400687060 /* SDL_renderer_gl.c */ = {isa = PBXFileReference; lastKnownFileType = sourcecode.c.c; name = SDL_renderer_gl.c; path = ../../src/SDL/src/video/SDL_renderer_gl.c; sourceTree = "<group>"; };
		BF56EF65166491C400687060 /* SDL_renderer_gles.c */ = {isa = PBXFileReference; lastKnownFileType = sourcecode.c.c; name = SDL_renderer_gles.c; path = ../../src/SDL/src/video/SDL_renderer_gles.c; sourceTree = "<group>"; };
		BF56EF66166491C400687060 /* SDL_renderer_sw.c */ = {isa = PBXFileReference; lastKnownFileType = sourcecode.c.c; name = SDL_renderer_sw.c; path = ../../src/SDL/src/video/SDL_renderer_sw.c; sourceTree = "<group>"; };
		BF56EF67166491C400687060 /* SDL_RLEaccel.c */ = {isa = PBXFileReference; lastKnownFileType = sourcecode.c.c; name = SDL_RLEaccel.c; path = ../../src/SDL/src/video/SDL_RLEaccel.c; sourceTree = "<group>"; };
		BF56EF68166491C400687060 /* SDL_stretch.c */ = {isa = PBXFileReference; lastKnownFileType = sourcecode.c.c; name = SDL_stretch.c; path = ../../src/SDL/src/video/SDL_stretch.c; sourceTree = "<group>"; };
		BF56EF69166491C400687060 /* SDL_surface.c */ = {isa = PBXFileReference; lastKnownFileType = sourcecode.c.c; name = SDL_surface.c; path = ../../src/SDL/src/video/SDL_surface.c; sourceTree = "<group>"; };
		BF56EF6A166491C400687060 /* SDL_video.c */ = {isa = PBXFileReference; lastKnownFileType = sourcecode.c.c; name = SDL_video.c; path = ../../src/SDL/src/video/SDL_video.c; sourceTree = "<group>"; };
		BF56EF6B166491C400687060 /* SDL_yuv_mmx.c */ = {isa = PBXFileReference; lastKnownFileType = sourcecode.c.c; name = SDL_yuv_mmx.c; path = ../../src/SDL/src/video/SDL_yuv_mmx.c; sourceTree = "<group>"; };
		BF56EF6C166491C400687060 /* SDL_yuv_sw.c */ = {isa = PBXFileReference; lastKnownFileType = sourcecode.c.c; name = SDL_yuv_sw.c; path = ../../src/SDL/src/video/SDL_yuv_sw.c; sourceTree = "<group>"; };
		BF56EF6D166491C400687060 /* SDL_sysloadso.c */ = {isa = PBXFileReference; lastKnownFileType = sourcecode.c.c; name = SDL_sysloadso.c; path = ../../src/SDL/src/loadso/dummy/SDL_sysloadso.c; sourceTree = "<group>"; };
		BF56EF6E166491C400687060 /* SDL_joystick.c */ = {isa = PBXFileReference; lastKnownFileType = sourcecode.c.c; name = SDL_joystick.c; path = ../../src/SDL/src/joystick/SDL_joystick.c; sourceTree = "<group>"; };
		BF56EF6F166491C400687060 /* SDL_coreaudio_iphone.c */ = {isa = PBXFileReference; lastKnownFileType = sourcecode.c.c; name = SDL_coreaudio_iphone.c; path = ../../src/SDL/src/audio/iphoneos/SDL_coreaudio_iphone.c; sourceTree = "<group>"; };
		BF56EF70166491C400687060 /* SDL_nullevents.c */ = {isa = PBXFileReference; lastKnownFileType = sourcecode.c.c; name = SDL_nullevents.c; path = ../../src/SDL/src/video/dummy/SDL_nullevents.c; sourceTree = "<group>"; };
		BF56EF71166491C400687060 /* SDL_nullrender.c */ = {isa = PBXFileReference; lastKnownFileType = sourcecode.c.c; name = SDL_nullrender.c; path = ../../src/SDL/src/video/dummy/SDL_nullrender.c; sourceTree = "<group>"; };
		BF56EF72166491C400687060 /* SDL_nullvideo.c */ = {isa = PBXFileReference; lastKnownFileType = sourcecode.c.c; name = SDL_nullvideo.c; path = ../../src/SDL/src/video/dummy/SDL_nullvideo.c; sourceTree = "<group>"; };
		BF56EF73166491C400687060 /* SDL_syscond.c */ = {isa = PBXFileReference; lastKnownFileType = sourcecode.c.c; name = SDL_syscond.c; path = ../../src/SDL/src/thread/pthread/SDL_syscond.c; sourceTree = "<group>"; };
		BF56EF74166491C400687060 /* SDL_sysmutex.c */ = {isa = PBXFileReference; lastKnownFileType = sourcecode.c.c; name = SDL_sysmutex.c; path = ../../src/SDL/src/thread/pthread/SDL_sysmutex.c; sourceTree = "<group>"; };
		BF56EF75166491C400687060 /* SDL_syssem.c */ = {isa = PBXFileReference; lastKnownFileType = sourcecode.c.c; name = SDL_syssem.c; path = ../../src/SDL/src/thread/pthread/SDL_syssem.c; sourceTree = "<group>"; };
		BF56EF76166491C400687060 /* SDL_systhread.c */ = {isa = PBXFileReference; lastKnownFileType = sourcecode.c.c; name = SDL_systhread.c; path = ../../src/SDL/src/thread/pthread/SDL_systhread.c; sourceTree = "<group>"; };
		BF56EF77166491C400687060 /* SDL_thread.c */ = {isa = PBXFileReference; lastKnownFileType = sourcecode.c.c; name = SDL_thread.c; path = ../../src/SDL/src/thread/SDL_thread.c; sourceTree = "<group>"; };
		BF56EF78166491C400687060 /* SDL_cpuinfo.c */ = {isa = PBXFileReference; lastKnownFileType = sourcecode.c.c; name = SDL_cpuinfo.c; path = ../../src/SDL/src/cpuinfo/SDL_cpuinfo.c; sourceTree = "<group>"; };
		BF56EF79166491C400687060 /* SDL_events.c */ = {isa = PBXFileReference; lastKnownFileType = sourcecode.c.c; name = SDL_events.c; path = ../../src/SDL/src/events/SDL_events.c; sourceTree = "<group>"; };
		BF56EF7A166491C400687060 /* SDL_keyboard.c */ = {isa = PBXFileReference; lastKnownFileType = sourcecode.c.c; name = SDL_keyboard.c; path = ../../src/SDL/src/events/SDL_keyboard.c; sourceTree = "<group>"; };
		BF56EF7B166491C400687060 /* SDL_mouse.c */ = {isa = PBXFileReference; lastKnownFileType = sourcecode.c.c; name = SDL_mouse.c; path = ../../src/SDL/src/events/SDL_mouse.c; sourceTree = "<group>"; };
		BF56EF7C166491C400687060 /* SDL_quit.c */ = {isa = PBXFileReference; lastKnownFileType = sourcecode.c.c; name = SDL_quit.c; path = ../../src/SDL/src/events/SDL_quit.c; sourceTree = "<group>"; };
		BF56EF7D166491C400687060 /* SDL_windowevents.c */ = {isa = PBXFileReference; lastKnownFileType = sourcecode.c.c; name = SDL_windowevents.c; path = ../../src/SDL/src/events/SDL_windowevents.c; sourceTree = "<group>"; };
		BF56EF7E166491C400687060 /* SDL_rwops.c */ = {isa = PBXFileReference; lastKnownFileType = sourcecode.c.c; name = SDL_rwops.c; path = ../../src/SDL/src/file/SDL_rwops.c; sourceTree = "<group>"; };
		BF56EF7F166491C400687060 /* SDL_getenv.c */ = {isa = PBXFileReference; lastKnownFileType = sourcecode.c.c; name = SDL_getenv.c; path = ../../src/SDL/src/stdlib/SDL_getenv.c; sourceTree = "<group>"; };
		BF56EF80166491C400687060 /* SDL_iconv.c */ = {isa = PBXFileReference; lastKnownFileType = sourcecode.c.c; name = SDL_iconv.c; path = ../../src/SDL/src/stdlib/SDL_iconv.c; sourceTree = "<group>"; };
		BF56EF81166491C400687060 /* SDL_malloc.c */ = {isa = PBXFileReference; lastKnownFileType = sourcecode.c.c; name = SDL_malloc.c; path = ../../src/SDL/src/stdlib/SDL_malloc.c; sourceTree = "<group>"; };
		BF56EF82166491C400687060 /* SDL_qsort.c */ = {isa = PBXFileReference; lastKnownFileType = sourcecode.c.c; name = SDL_qsort.c; path = ../../src/SDL/src/stdlib/SDL_qsort.c; sourceTree = "<group>"; };
		BF56EF83166491C400687060 /* SDL_stdlib.c */ = {isa = PBXFileReference; lastKnownFileType = sourcecode.c.c; name = SDL_stdlib.c; path = ../../src/SDL/src/stdlib/SDL_stdlib.c; sourceTree = "<group>"; };
		BF56EF84166491C400687060 /* SDL_string.c */ = {isa = PBXFileReference; lastKnownFileType = sourcecode.c.c; name = SDL_string.c; path = ../../src/SDL/src/stdlib/SDL_string.c; sourceTree = "<group>"; };
		BF56EF85166491C400687060 /* SDL_dummyaudio.c */ = {isa = PBXFileReference; lastKnownFileType = sourcecode.c.c; name = SDL_dummyaudio.c; path = ../../src/SDL/src/audio/dummy/SDL_dummyaudio.c; sourceTree = "<group>"; };
		BF56EF86166491C400687060 /* SDL_audio.c */ = {isa = PBXFileReference; lastKnownFileType = sourcecode.c.c; name = SDL_audio.c; path = ../../src/SDL/src/audio/SDL_audio.c; sourceTree = "<group>"; };
		BF56EF87166491C400687060 /* SDL_audiocvt.c */ = {isa = PBXFileReference; lastKnownFileType = sourcecode.c.c; name = SDL_audiocvt.c; path = ../../src/SDL/src/audio/SDL_audiocvt.c; sourceTree = "<group>"; };
		BF56EF88166491C400687060 /* SDL_audiotypecvt.c */ = {isa = PBXFileReference; lastKnownFileType = sourcecode.c.c; name = SDL_audiotypecvt.c; path = ../../src/SDL/src/audio/SDL_audiotypecvt.c; sourceTree = "<group>"; };
		BF56EF89166491C400687060 /* SDL_mixer_m68k.c */ = {isa = PBXFileReference; lastKnownFileType = sourcecode.c.c; name = SDL_mixer_m68k.c; path = ../../src/SDL/src/audio/SDL_mixer_m68k.c; sourceTree = "<group>"; };
		BF56EF8A166491C400687060 /* SDL_mixer_MMX_VC.c */ = {isa = PBXFileReference; lastKnownFileType = sourcecode.c.c; name = SDL_mixer_MMX_VC.c; path = ../../src/SDL/src/audio/SDL_mixer_MMX_VC.c; sourceTree = "<group>"; };
		BF56EF8B166491C400687060 /* SDL_mixer_MMX.c */ = {isa = PBXFileReference; lastKnownFileType = sourcecode.c.c; name = SDL_mixer_MMX.c; path = ../../src/SDL/src/audio/SDL_mixer_MMX.c; sourceTree = "<group>"; };
		BF56EF8C166491C400687060 /* SDL_mixer.c */ = {isa = PBXFileReference; lastKnownFileType = sourcecode.c.c; name = SDL_mixer.c; path = ../../src/SDL/src/audio/SDL_mixer.c; sourceTree = "<group>"; };
		BF56EF8D166491C400687060 /* SDL_wave.c */ = {isa = PBXFileReference; lastKnownFileType = sourcecode.c.c; name = SDL_wave.c; path = ../../src/SDL/src/audio/SDL_wave.c; sourceTree = "<group>"; };
		BF56EF8E166491C400687060 /* SDL_systimer.c */ = {isa = PBXFileReference; lastKnownFileType = sourcecode.c.c; name = SDL_systimer.c; path = ../../src/SDL/src/timer/unix/SDL_systimer.c; sourceTree = "<group>"; };
		BF56EF8F166491C400687060 /* SDL_timer.c */ = {isa = PBXFileReference; lastKnownFileType = sourcecode.c.c; name = SDL_timer.c; path = ../../src/SDL/src/timer/SDL_timer.c; sourceTree = "<group>"; };
		BF56EF90166491C400687060 /* SDL_sysjoystick.m */ = {isa = PBXFileReference; lastKnownFileType = sourcecode.c.objc; name = SDL_sysjoystick.m; path = ../../src/SDL/src/joystick/iphoneos/SDL_sysjoystick.m; sourceTree = "<group>"; };
		BF56EF91166491C400687060 /* SDLUIAccelerationDelegate.m */ = {isa = PBXFileReference; lastKnownFileType = sourcecode.c.objc; name = SDLUIAccelerationDelegate.m; path = ../../src/SDL/src/joystick/iphoneos/SDLUIAccelerationDelegate.m; sourceTree = "<group>"; };
		BF56EF92166491C400687060 /* SDL_uikitappdelegate.m */ = {isa = PBXFileReference; lastKnownFileType = sourcecode.c.objc; name = SDL_uikitappdelegate.m; path = ../../src/SDL/src/video/uikit/SDL_uikitappdelegate.m; sourceTree = "<group>"; };
		BF56EF93166491C400687060 /* SDL_uikitevents.m */ = {isa = PBXFileReference; lastKnownFileType = sourcecode.c.objc; name = SDL_uikitevents.m; path = ../../src/SDL/src/video/uikit/SDL_uikitevents.m; sourceTree = "<group>"; };
		BF56EF94166491C400687060 /* SDL_uikitopengles.m */ = {isa = PBXFileReference; lastKnownFileType = sourcecode.c.objc; name = SDL_uikitopengles.m; path = ../../src/SDL/src/video/uikit/SDL_uikitopengles.m; sourceTree = "<group>"; };
		BF56EF95166491C400687060 /* SDL_uikitopenglview.m */ = {isa = PBXFileReference; lastKnownFileType = sourcecode.c.objc; name = SDL_uikitopenglview.m; path = ../../src/SDL/src/video/uikit/SDL_uikitopenglview.m; sourceTree = "<group>"; };
		BF56EF96166491C400687060 /* SDL_uikitvideo.m */ = {isa = PBXFileReference; lastKnownFileType = sourcecode.c.objc; name = SDL_uikitvideo.m; path = ../../src/SDL/src/video/uikit/SDL_uikitvideo.m; sourceTree = "<group>"; };
		BF56EF97166491C400687060 /* SDL_uikitview.m */ = {isa = PBXFileReference; lastKnownFileType = sourcecode.c.objc; name = SDL_uikitview.m; path = ../../src/SDL/src/video/uikit/SDL_uikitview.m; sourceTree = "<group>"; };
		BF56EF98166491C400687060 /* SDL_uikitwindow.m */ = {isa = PBXFileReference; lastKnownFileType = sourcecode.c.objc; name = SDL_uikitwindow.m; path = ../../src/SDL/src/video/uikit/SDL_uikitwindow.m; sourceTree = "<group>"; };
		BF56EF99166491C400687060 /* plugin.c */ = {isa = PBXFileReference; lastKnownFileType = sourcecode.c.c; name = plugin.c; path = ../../src/Mupen64Plus/main/plugin.c; sourceTree = "<group>"; };
		BF56EF9A166491C400687060 /* bc.c */ = {isa = PBXFileReference; lastKnownFileType = sourcecode.c.c; name = bc.c; path = ../../src/Mupen64Plus/r4300/bc.c; sourceTree = "<group>"; };
		BF56EF9B166491C400687060 /* jumphack.c */ = {isa = PBXFileReference; lastKnownFileType = sourcecode.c.c; name = jumphack.c; path = ../../src/SDL/src/video/uikit/jumphack.c; sourceTree = "<group>"; };
		BF56EF9C166491C400687060 /* compare_core.c */ = {isa = PBXFileReference; lastKnownFileType = sourcecode.c.c; name = compare_core.c; path = ../../src/Mupen64Plus/r4300/compare_core.c; sourceTree = "<group>"; };
		BF56EF9D166491C400687060 /* cop0.c */ = {isa = PBXFileReference; lastKnownFileType = sourcecode.c.c; name = cop0.c; path = ../../src/Mupen64Plus/r4300/cop0.c; sourceTree = "<group>"; };
		BF56EF9E166491C400687060 /* cop1_d.c */ = {isa = PBXFileReference; lastKnownFileType = sourcecode.c.c; name = cop1_d.c; path = ../../src/Mupen64Plus/r4300/cop1_d.c; sourceTree = "<group>"; };
		BF56EF9F166491C400687060 /* cop1_l.c */ = {isa = PBXFileReference; lastKnownFileType = sourcecode.c.c; name = cop1_l.c; path = ../../src/Mupen64Plus/r4300/cop1_l.c; sourceTree = "<group>"; };
		BF56EFA0166491C400687060 /* cop1_s.c */ = {isa = PBXFileReference; lastKnownFileType = sourcecode.c.c; name = cop1_s.c; path = ../../src/Mupen64Plus/r4300/cop1_s.c; sourceTree = "<group>"; };
		BF56EFA1166491C400687060 /* cop1_w.c */ = {isa = PBXFileReference; lastKnownFileType = sourcecode.c.c; name = cop1_w.c; path = ../../src/Mupen64Plus/r4300/cop1_w.c; sourceTree = "<group>"; };
		BF56EFA2166491C400687060 /* cop1.c */ = {isa = PBXFileReference; lastKnownFileType = sourcecode.c.c; name = cop1.c; path = ../../src/Mupen64Plus/r4300/cop1.c; sourceTree = "<group>"; };
		BF56EFA3166491C400687060 /* exception.c */ = {isa = PBXFileReference; lastKnownFileType = sourcecode.c.c; name = exception.c; path = ../../src/Mupen64Plus/r4300/exception.c; sourceTree = "<group>"; };
		BF56EFA4166491C400687060 /* interupt.c */ = {isa = PBXFileReference; lastKnownFileType = sourcecode.c.c; name = interupt.c; path = ../../src/Mupen64Plus/r4300/interupt.c; sourceTree = "<group>"; };
		BF56EFA5166491C400687060 /* profile.c */ = {isa = PBXFileReference; lastKnownFileType = sourcecode.c.c; name = profile.c; path = ../../src/Mupen64Plus/r4300/profile.c; sourceTree = "<group>"; };
		BF56EFA6166491C400687060 /* pure_interp.c */ = {isa = PBXFileReference; lastKnownFileType = sourcecode.c.c; name = pure_interp.c; path = ../../src/Mupen64Plus/r4300/pure_interp.c; sourceTree = "<group>"; };
		BF56EFA7166491C400687060 /* recomp.c */ = {isa = PBXFileReference; lastKnownFileType = sourcecode.c.c; name = recomp.c; path = ../../src/Mupen64Plus/r4300/recomp.c; sourceTree = "<group>"; };
		BF56EFA8166491C400687060 /* regimm.c */ = {isa = PBXFileReference; lastKnownFileType = sourcecode.c.c; name = regimm.c; path = ../../src/Mupen64Plus/r4300/regimm.c; sourceTree = "<group>"; };
		BF56EFA9166491C400687060 /* special.c */ = {isa = PBXFileReference; lastKnownFileType = sourcecode.c.c; name = special.c; path = ../../src/Mupen64Plus/r4300/special.c; sourceTree = "<group>"; };
		BF56EFAA166491C400687060 /* tlb.c */ = {isa = PBXFileReference; lastKnownFileType = sourcecode.c.c; name = tlb.c; path = ../../src/Mupen64Plus/r4300/tlb.c; sourceTree = "<group>"; };
		BF56EFAB166491C400687060 /* dma.c */ = {isa = PBXFileReference; lastKnownFileType = sourcecode.c.c; name = dma.c; path = ../../src/Mupen64Plus/memory/dma.c; sourceTree = "<group>"; };
		BF56EFAC166491C400687060 /* flashram.c */ = {isa = PBXFileReference; lastKnownFileType = sourcecode.c.c; name = flashram.c; path = ../../src/Mupen64Plus/memory/flashram.c; sourceTree = "<group>"; };
		BF56EFAD166491C400687060 /* memory.c */ = {isa = PBXFileReference; lastKnownFileType = sourcecode.c.c; name = memory.c; path = ../../src/Mupen64Plus/memory/memory.c; sourceTree = "<group>"; };
		BF56EFAE166491C400687060 /* pif.c */ = {isa = PBXFileReference; lastKnownFileType = sourcecode.c.c; name = pif.c; path = ../../src/Mupen64Plus/memory/pif.c; sourceTree = "<group>"; };
		BF56EFAF166491C400687060 /* tlb.c */ = {isa = PBXFileReference; lastKnownFileType = sourcecode.c.c; name = tlb.c; path = ../../src/Mupen64Plus/memory/tlb.c; sourceTree = "<group>"; };
		BF56EFB0166491C400687060 /* 7zAlloc.c */ = {isa = PBXFileReference; lastKnownFileType = sourcecode.c.c; name = 7zAlloc.c; path = ../../src/Mupen64Plus/main/7zip/7zAlloc.c; sourceTree = "<group>"; };
		BF56EFB1166491C400687060 /* 7zBuffer.c */ = {isa = PBXFileReference; lastKnownFileType = sourcecode.c.c; name = 7zBuffer.c; path = ../../src/Mupen64Plus/main/7zip/7zBuffer.c; sourceTree = "<group>"; };
		BF56EFB2166491C400687060 /* 7zCrc.c */ = {isa = PBXFileReference; lastKnownFileType = sourcecode.c.c; name = 7zCrc.c; path = ../../src/Mupen64Plus/main/7zip/7zCrc.c; sourceTree = "<group>"; };
		BF56EFB3166491C400687060 /* 7zDecode.c */ = {isa = PBXFileReference; lastKnownFileType = sourcecode.c.c; name = 7zDecode.c; path = ../../src/Mupen64Plus/main/7zip/7zDecode.c; sourceTree = "<group>"; };
		BF56EFB4166491C400687060 /* 7zExtract.c */ = {isa = PBXFileReference; lastKnownFileType = sourcecode.c.c; name = 7zExtract.c; path = ../../src/Mupen64Plus/main/7zip/7zExtract.c; sourceTree = "<group>"; };
		BF56EFB5166491C400687060 /* 7zHeader.c */ = {isa = PBXFileReference; lastKnownFileType = sourcecode.c.c; name = 7zHeader.c; path = ../../src/Mupen64Plus/main/7zip/7zHeader.c; sourceTree = "<group>"; };
		BF56EFB6166491C400687060 /* 7zIn.c */ = {isa = PBXFileReference; lastKnownFileType = sourcecode.c.c; name = 7zIn.c; path = ../../src/Mupen64Plus/main/7zip/7zIn.c; sourceTree = "<group>"; };
		BF56EFB7166491C400687060 /* 7zItem.c */ = {isa = PBXFileReference; lastKnownFileType = sourcecode.c.c; name = 7zItem.c; path = ../../src/Mupen64Plus/main/7zip/7zItem.c; sourceTree = "<group>"; };
		BF56EFB8166491C400687060 /* 7zMain.c */ = {isa = PBXFileReference; lastKnownFileType = sourcecode.c.c; name = 7zMain.c; path = ../../src/Mupen64Plus/main/7zip/7zMain.c; sourceTree = "<group>"; };
		BF56EFB9166491C400687060 /* BranchX86_2.c */ = {isa = PBXFileReference; lastKnownFileType = sourcecode.c.c; name = BranchX86_2.c; path = ../../src/Mupen64Plus/main/7zip/BranchX86_2.c; sourceTree = "<group>"; };
		BF56EFBA166491C400687060 /* BranchX86.c */ = {isa = PBXFileReference; lastKnownFileType = sourcecode.c.c; name = BranchX86.c; path = ../../src/Mupen64Plus/main/7zip/BranchX86.c; sourceTree = "<group>"; };
		BF56EFBB166491C400687060 /* LzmaDecode.c */ = {isa = PBXFileReference; lastKnownFileType = sourcecode.c.c; name = LzmaDecode.c; path = ../../src/Mupen64Plus/main/7zip/LzmaDecode.c; sourceTree = "<group>"; };
		BF56EFBC166491C400687060 /* blocksort.c */ = {isa = PBXFileReference; lastKnownFileType = sourcecode.c.c; name = blocksort.c; path = ../../src/Mupen64Plus/main/bzip2/blocksort.c; sourceTree = "<group>"; };
		BF56EFBD166491C400687060 /* bzlib.c */ = {isa = PBXFileReference; lastKnownFileType = sourcecode.c.c; name = bzlib.c; path = ../../src/Mupen64Plus/main/bzip2/bzlib.c; sourceTree = "<group>"; };
		BF56EFBE166491C400687060 /* compress.c */ = {isa = PBXFileReference; lastKnownFileType = sourcecode.c.c; name = compress.c; path = ../../src/Mupen64Plus/main/bzip2/compress.c; sourceTree = "<group>"; };
		BF56EFBF166491C400687060 /* crctable.c */ = {isa = PBXFileReference; lastKnownFileType = sourcecode.c.c; name = crctable.c; path = ../../src/Mupen64Plus/main/bzip2/crctable.c; sourceTree = "<group>"; };
		BF56EFC0166491C400687060 /* decompress.c */ = {isa = PBXFileReference; lastKnownFileType = sourcecode.c.c; name = decompress.c; path = ../../src/Mupen64Plus/main/bzip2/decompress.c; sourceTree = "<group>"; };
		BF56EFC1166491C400687060 /* huffman.c */ = {isa = PBXFileReference; lastKnownFileType = sourcecode.c.c; name = huffman.c; path = ../../src/Mupen64Plus/main/bzip2/huffman.c; sourceTree = "<group>"; };
		BF56EFC2166491C400687060 /* randtable.c */ = {isa = PBXFileReference; lastKnownFileType = sourcecode.c.c; name = randtable.c; path = ../../src/Mupen64Plus/main/bzip2/randtable.c; sourceTree = "<group>"; };
		BF56EFC3166491C400687060 /* buffer.c */ = {isa = PBXFileReference; lastKnownFileType = sourcecode.c.c; name = buffer.c; path = ../../src/Mupen64Plus/main/lzma/buffer.c; sourceTree = "<group>"; };
		BF56EFC4166491C400687060 /* io.c */ = {isa = PBXFileReference; lastKnownFileType = sourcecode.c.c; name = io.c; path = ../../src/Mupen64Plus/main/lzma/io.c; sourceTree = "<group>"; };
		BF56EFC5166491C400687060 /* main.c */ = {isa = PBXFileReference; lastKnownFileType = sourcecode.c.c; name = main.c; path = ../../src/Mupen64Plus/main/lzma/main.c; sourceTree = "<group>"; };
		BF56EFC6166491C400687060 /* ioapi.c */ = {isa = PBXFileReference; lastKnownFileType = sourcecode.c.c; name = ioapi.c; path = ../../src/Mupen64Plus/main/zip/ioapi.c; sourceTree = "<group>"; };
		BF56EFC7166491C400687060 /* unzip.c */ = {isa = PBXFileReference; lastKnownFileType = sourcecode.c.c; name = unzip.c; path = ../../src/Mupen64Plus/main/zip/unzip.c; sourceTree = "<group>"; };
		BF56EFC8166491C400687060 /* adler32.c */ = {isa = PBXFileReference; lastKnownFileType = sourcecode.c.c; name = adler32.c; path = ../../src/Mupen64Plus/main/adler32.c; sourceTree = "<group>"; };
		BF56EFC9166491C400687060 /* cheat.c */ = {isa = PBXFileReference; lastKnownFileType = sourcecode.c.c; name = cheat.c; path = ../../src/Mupen64Plus/main/cheat.c; sourceTree = "<group>"; };
		BF56EFCA166491C400687060 /* config.c */ = {isa = PBXFileReference; lastKnownFileType = sourcecode.c.c; name = config.c; path = ../../src/Mupen64Plus/main/config.c; sourceTree = "<group>"; };
		BF56EFCB166491C400687060 /* md5.c */ = {isa = PBXFileReference; lastKnownFileType = sourcecode.c.c; name = md5.c; path = ../../src/Mupen64Plus/main/md5.c; sourceTree = "<group>"; };
		BF56EFCC166491C400687060 /* rom.c */ = {isa = PBXFileReference; lastKnownFileType = sourcecode.c.c; name = rom.c; path = ../../src/Mupen64Plus/main/rom.c; sourceTree = "<group>"; };
		BF56EFCD166491C400687060 /* romcache.c */ = {isa = PBXFileReference; lastKnownFileType = sourcecode.c.c; name = romcache.c; path = ../../src/Mupen64Plus/main/romcache.c; sourceTree = "<group>"; };
		BF56EFCE166491C400687060 /* savestates.c */ = {isa = PBXFileReference; lastKnownFileType = sourcecode.c.c; name = savestates.c; path = ../../src/Mupen64Plus/main/savestates.c; sourceTree = "<group>"; };
		BF56EFCF166491C400687060 /* util.c */ = {isa = PBXFileReference; lastKnownFileType = sourcecode.c.c; name = util.c; path = ../../src/Mupen64Plus/main/util.c; sourceTree = "<group>"; };
		BF56EFD0166491C400687060 /* translate.c */ = {isa = PBXFileReference; fileEncoding = 4; lastKnownFileType = sourcecode.c.c; name = translate.c; path = ../../src/Mupen64Plus/main/translate.c; sourceTree = "<group>"; };
		BF56EFD6166491C400687060 /* lirc.c */ = {isa = PBXFileReference; fileEncoding = 4; lastKnownFileType = sourcecode.c.c; name = lirc.c; path = ../../src/Mupen64Plus/main/lirc.c; sourceTree = "<group>"; };
		BF56EFD7166491C400687060 /* r4300.c */ = {isa = PBXFileReference; lastKnownFileType = sourcecode.c.c; name = r4300.c; path = ../../src/Mupen64Plus/r4300/r4300.c; sourceTree = "<group>"; };
		BF56EFD9166491C400687060 /* new_dynarec.c */ = {isa = PBXFileReference; lastKnownFileType = sourcecode.c.c; name = new_dynarec.c; path = ../../src/Mupen64Plus/r4300/new_dynarec/new_dynarec.c; sourceTree = "<group>"; };
		BF56EFDA166491C400687060 /* empty_dynarec.c */ = {isa = PBXFileReference; lastKnownFileType = sourcecode.c.c; name = empty_dynarec.c; path = ../../src/Mupen64Plus/r4300/empty_dynarec.c; sourceTree = "<group>"; };
		BF7678DA16659F8200C647D8 /* n64ios_arm.s */ = {isa = PBXFileReference; fileEncoding = 4; lastKnownFileType = sourcecode.asm; name = n64ios_arm.s; path = ../../src/n64ios_arm.s; sourceTree = "<group>"; };
		BF7678DF1665AF1600C647D8 /* assem_arm.c */ = {isa = PBXFileReference; fileEncoding = 4; lastKnownFileType = sourcecode.c.c; name = assem_arm.c; path = ../../src/Mupen64Plus/r4300/new_dynarec/assem_arm.c; sourceTree = "<group>"; };
		BF7678E21665B0BA00C647D8 /* new_dynarec.h */ = {isa = PBXFileReference; lastKnownFileType = sourcecode.c.h; name = new_dynarec.h; path = ../../src/Mupen64Plus/r4300/new_dynarec/new_dynarec.h; sourceTree = "<group>"; };
		BFA373BF16608E5600BAEBC6 /* libiconv.dylib */ = {isa = PBXFileReference; lastKnownFileType = "compiled.mach-o.dylib"; name = libiconv.dylib; path = usr/lib/libiconv.dylib; sourceTree = SDKROOT; };
		BFB22AEE16253BE900FFDD9D /* mupen64plus.conf */ = {isa = PBXFileReference; fileEncoding = 4; lastKnownFileType = text; path = mupen64plus.conf; sourceTree = "<group>"; };
		BFB36C1E15805EDB004F5A4E /* N64iOS.app */ = {isa = PBXFileReference; explicitFileType = wrapper.application; includeInIndex = 0; path = N64iOS.app; sourceTree = BUILT_PRODUCTS_DIR; };
		BFB36C2215805EDB004F5A4E /* UIKit.framework */ = {isa = PBXFileReference; lastKnownFileType = wrapper.framework; name = UIKit.framework; path = System/Library/Frameworks/UIKit.framework; sourceTree = SDKROOT; };
		BFB36C2415805EDB004F5A4E /* Foundation.framework */ = {isa = PBXFileReference; lastKnownFileType = wrapper.framework; name = Foundation.framework; path = System/Library/Frameworks/Foundation.framework; sourceTree = SDKROOT; };
		BFB36C2615805EDB004F5A4E /* CoreGraphics.framework */ = {isa = PBXFileReference; lastKnownFileType = wrapper.framework; name = CoreGraphics.framework; path = System/Library/Frameworks/CoreGraphics.framework; sourceTree = SDKROOT; };
		BFB36C2A15805EDB004F5A4E /* N64iOS-Info.plist */ = {isa = PBXFileReference; lastKnownFileType = text.plist.xml; path = "N64iOS-Info.plist"; sourceTree = "<group>"; };
		BFB36C2C15805EDB004F5A4E /* en */ = {isa = PBXFileReference; lastKnownFileType = text.plist.strings; name = en; path = en.lproj/InfoPlist.strings; sourceTree = "<group>"; };
		BFB36C2E15805EDB004F5A4E /* main.m */ = {isa = PBXFileReference; lastKnownFileType = sourcecode.c.objc; path = main.m; sourceTree = "<group>"; };
		BFB36C3015805EDB004F5A4E /* N64iOS-Prefix.pch */ = {isa = PBXFileReference; lastKnownFileType = sourcecode.c.h; path = "N64iOS-Prefix.pch"; sourceTree = "<group>"; };
		BFB36C3115805EDB004F5A4E /* N64AppDelegate.h */ = {isa = PBXFileReference; lastKnownFileType = sourcecode.c.h; path = N64AppDelegate.h; sourceTree = "<group>"; };
		BFB36C3215805EDB004F5A4E /* N64AppDelegate.m */ = {isa = PBXFileReference; lastKnownFileType = sourcecode.c.objc; path = N64AppDelegate.m; sourceTree = "<group>"; };
		BFB36C3515805EDB004F5A4E /* en */ = {isa = PBXFileReference; lastKnownFileType = file.storyboard; name = en; path = en.lproj/MainStoryboard_iPhone.storyboard; sourceTree = "<group>"; };
		BFB36C3815805EDB004F5A4E /* en */ = {isa = PBXFileReference; lastKnownFileType = file.storyboard; name = en; path = en.lproj/MainStoryboard_iPad.storyboard; sourceTree = "<group>"; };
		BFB36C3A15805EDB004F5A4E /* N64MasterViewController.h */ = {isa = PBXFileReference; lastKnownFileType = sourcecode.c.h; path = N64MasterViewController.h; sourceTree = "<group>"; };
		BFB36C3B15805EDB004F5A4E /* N64MasterViewController.m */ = {isa = PBXFileReference; lastKnownFileType = sourcecode.c.objc; path = N64MasterViewController.m; sourceTree = "<group>"; };
		BFB36C3D15805EDB004F5A4E /* N64DetailViewController.h */ = {isa = PBXFileReference; lastKnownFileType = sourcecode.c.h; path = N64DetailViewController.h; sourceTree = "<group>"; };
		BFB36C3E15805EDB004F5A4E /* N64DetailViewController.m */ = {isa = PBXFileReference; lastKnownFileType = sourcecode.c.objc; path = N64DetailViewController.m; sourceTree = "<group>"; };
		BFB36C4815806078004F5A4E /* AudioToolbox.framework */ = {isa = PBXFileReference; lastKnownFileType = wrapper.framework; name = AudioToolbox.framework; path = System/Library/Frameworks/AudioToolbox.framework; sourceTree = SDKROOT; };
		BFB36C4A1580607E004F5A4E /* OpenGLES.framework */ = {isa = PBXFileReference; lastKnownFileType = wrapper.framework; name = OpenGLES.framework; path = System/Library/Frameworks/OpenGLES.framework; sourceTree = SDKROOT; };
		BFB36C4C15806084004F5A4E /* QuartzCore.framework */ = {isa = PBXFileReference; lastKnownFileType = wrapper.framework; name = QuartzCore.framework; path = System/Library/Frameworks/QuartzCore.framework; sourceTree = SDKROOT; };
		BFB36C4E15806091004F5A4E /* libz.dylib */ = {isa = PBXFileReference; lastKnownFileType = "compiled.mach-o.dylib"; name = libz.dylib; path = usr/lib/libz.dylib; sourceTree = SDKROOT; };
		BFB37865158063AD004F5A4E /* ShoutOutAppDelegate.h */ = {isa = PBXFileReference; lastKnownFileType = sourcecode.c.h; name = ShoutOutAppDelegate.h; path = ../../ShoutOutAppDelegate.h; sourceTree = "<group>"; };
		BFB37866158063AE004F5A4E /* ShoutOutAppDelegate.m */ = {isa = PBXFileReference; lastKnownFileType = sourcecode.c.objc; name = ShoutOutAppDelegate.m; path = ../../ShoutOutAppDelegate.m; sourceTree = "<group>"; };
		BFB37867158063CD004F5A4E /* SDL_uikitwindow.h */ = {isa = PBXFileReference; lastKnownFileType = sourcecode.c.h; name = SDL_uikitwindow.h; path = ../../src/SDL/src/video/uikit/SDL_uikitwindow.h; sourceTree = "<group>"; };
		BFB37868158063CD004F5A4E /* SDL_uikitwindow.m */ = {isa = PBXFileReference; lastKnownFileType = sourcecode.c.objc; name = SDL_uikitwindow.m; path = ../../src/SDL/src/video/uikit/SDL_uikitwindow.m; sourceTree = "<group>"; };
/* End PBXFileReference section */

/* Begin PBXFrameworksBuildPhase section */
		BFB36C1B15805EDB004F5A4E /* Frameworks */ = {
			isa = PBXFrameworksBuildPhase;
			buildActionMask = 2147483647;
			files = (
				BFA373C016608E5600BAEBC6 /* libiconv.dylib in Frameworks */,
				BFB36C4F15806091004F5A4E /* libz.dylib in Frameworks */,
				BFB36C4D15806084004F5A4E /* QuartzCore.framework in Frameworks */,
				BFB36C4B1580607E004F5A4E /* OpenGLES.framework in Frameworks */,
				BFB36C4915806078004F5A4E /* AudioToolbox.framework in Frameworks */,
				BFB36C2315805EDB004F5A4E /* UIKit.framework in Frameworks */,
				BFB36C2515805EDB004F5A4E /* Foundation.framework in Frameworks */,
				BFB36C2715805EDB004F5A4E /* CoreGraphics.framework in Frameworks */,
			);
			runOnlyForDeploymentPostprocessing = 0;
		};
/* End PBXFrameworksBuildPhase section */

/* Begin PBXGroup section */
		BF0D18171660D0240050AD3C /* Plugins */ = {
			isa = PBXGroup;
			children = (
				BF3D11DC1669A7B8004C3D11 /* gles2n64.conf */,
				BF3D116016699B9A004C3D11 /* jttl_audio.conf */,
				BF3D116116699B9A004C3D11 /* mupen64plus.conf */,
				BF0D18191660D0380050AD3C /* dummyinput.dylib */,
				BF0D181A1660D0380050AD3C /* dummyvideo.dylib */,
				BF0D181B1660D0380050AD3C /* gles2n64.dylib */,
				BF0D181C1660D0380050AD3C /* jttl_audio.dylib */,
				BF0D181D1660D0380050AD3C /* mupen64_hle_rsp_azimer.dylib */,
			);
			name = Plugins;
			sourceTree = "<group>";
		};
		BF393B621664945C00260A12 /* SDL */ = {
			isa = PBXGroup;
			children = (
				BF56EF4A166491C400687060 /* SDL_compat.c */,
				BF56EF4B166491C400687060 /* SDL_error.c */,
				BF56EF4C166491C400687060 /* SDL_fatal.c */,
				BF56EF4D166491C400687060 /* SDL.c */,
				BF56EF4E166491C400687060 /* SDL_atomic.c */,
				BF56EF4F166491C400687060 /* SDL_syshaptic.c */,
				BF56EF50166491C400687060 /* SDL_haptic.c */,
				BF56EF51166491C400687060 /* SDL_sysloadso.c */,
				BF56EF52166491C400687060 /* SDL_blendline.c */,
				BF56EF53166491C400687060 /* SDL_blendpoint.c */,
				BF56EF54166491C400687060 /* SDL_blendrect.c */,
				BF56EF55166491C400687060 /* SDL_blit_0.c */,
				BF56EF56166491C400687060 /* SDL_blit_1.c */,
				BF56EF57166491C400687060 /* SDL_blit_A.c */,
				BF56EF58166491C400687060 /* SDL_blit_auto.c */,
				BF56EF59166491C400687060 /* SDL_blit_copy.c */,
				BF56EF5A166491C400687060 /* SDL_blit_N.c */,
				BF56EF5B166491C400687060 /* SDL_blit_slow.c */,
				BF56EF5C166491C400687060 /* SDL_blit.c */,
				BF56EF5D166491C400687060 /* SDL_bmp.c */,
				BF56EF5E166491C400687060 /* SDL_drawline.c */,
				BF56EF5F166491C400687060 /* SDL_drawpoint.c */,
				BF56EF60166491C400687060 /* SDL_fillrect.c */,
				BF56EF61166491C400687060 /* SDL_gamma.c */,
				BF56EF62166491C400687060 /* SDL_pixels.c */,
				BF56EF63166491C400687060 /* SDL_rect.c */,
				BF56EF64166491C400687060 /* SDL_renderer_gl.c */,
				BF56EF65166491C400687060 /* SDL_renderer_gles.c */,
				BF56EF66166491C400687060 /* SDL_renderer_sw.c */,
				BF56EF67166491C400687060 /* SDL_RLEaccel.c */,
				BF56EF68166491C400687060 /* SDL_stretch.c */,
				BF56EF69166491C400687060 /* SDL_surface.c */,
				BF56EF6A166491C400687060 /* SDL_video.c */,
				BF56EF6B166491C400687060 /* SDL_yuv_mmx.c */,
				BF56EF6C166491C400687060 /* SDL_yuv_sw.c */,
				BF56EF6D166491C400687060 /* SDL_sysloadso.c */,
				BF56EF6E166491C400687060 /* SDL_joystick.c */,
				BF56EF6F166491C400687060 /* SDL_coreaudio_iphone.c */,
				BF56EF70166491C400687060 /* SDL_nullevents.c */,
				BF56EF71166491C400687060 /* SDL_nullrender.c */,
				BF56EF72166491C400687060 /* SDL_nullvideo.c */,
				BF56EF73166491C400687060 /* SDL_syscond.c */,
				BF56EF74166491C400687060 /* SDL_sysmutex.c */,
				BF56EF75166491C400687060 /* SDL_syssem.c */,
				BF56EF76166491C400687060 /* SDL_systhread.c */,
				BF56EF77166491C400687060 /* SDL_thread.c */,
				BF56EF78166491C400687060 /* SDL_cpuinfo.c */,
				BF56EF79166491C400687060 /* SDL_events.c */,
				BF56EF7A166491C400687060 /* SDL_keyboard.c */,
				BF56EF7B166491C400687060 /* SDL_mouse.c */,
				BF56EF7C166491C400687060 /* SDL_quit.c */,
				BF56EF7D166491C400687060 /* SDL_windowevents.c */,
				BF56EF7E166491C400687060 /* SDL_rwops.c */,
				BF56EF7F166491C400687060 /* SDL_getenv.c */,
				BF56EF80166491C400687060 /* SDL_iconv.c */,
				BF56EF81166491C400687060 /* SDL_malloc.c */,
				BF56EF82166491C400687060 /* SDL_qsort.c */,
				BF56EF83166491C400687060 /* SDL_stdlib.c */,
				BF56EF84166491C400687060 /* SDL_string.c */,
				BF56EF85166491C400687060 /* SDL_dummyaudio.c */,
				BF56EF86166491C400687060 /* SDL_audio.c */,
				BF56EF87166491C400687060 /* SDL_audiocvt.c */,
				BF56EF88166491C400687060 /* SDL_audiotypecvt.c */,
				BF56EF89166491C400687060 /* SDL_mixer_m68k.c */,
				BF56EF8A166491C400687060 /* SDL_mixer_MMX_VC.c */,
				BF56EF8B166491C400687060 /* SDL_mixer_MMX.c */,
				BF56EF8C166491C400687060 /* SDL_mixer.c */,
				BF56EF8D166491C400687060 /* SDL_wave.c */,
				BF56EF8E166491C400687060 /* SDL_systimer.c */,
				BF56EF8F166491C400687060 /* SDL_timer.c */,
				BF393B641664946300260A12 /* iOS */,
			);
			name = SDL;
			sourceTree = "<group>";
		};
		BF393B641664946300260A12 /* iOS */ = {
			isa = PBXGroup;
			children = (
				BF56EF90166491C400687060 /* SDL_sysjoystick.m */,
				BF56EF91166491C400687060 /* SDLUIAccelerationDelegate.m */,
				BF56EF92166491C400687060 /* SDL_uikitappdelegate.m */,
				BF56EF93166491C400687060 /* SDL_uikitevents.m */,
				BF56EF94166491C400687060 /* SDL_uikitopengles.m */,
				BF56EF95166491C400687060 /* SDL_uikitopenglview.m */,
				BF56EF96166491C400687060 /* SDL_uikitvideo.m */,
				BF56EF97166491C400687060 /* SDL_uikitview.m */,
				BF56EF98166491C400687060 /* SDL_uikitwindow.m */,
			);
			name = iOS;
			sourceTree = "<group>";
		};
		BF393B651664946E00260A12 /* Mupen64Plus */ = {
			isa = PBXGroup;
			children = (
				BF56EF99166491C400687060 /* plugin.c */,
				BF56EF9A166491C400687060 /* bc.c */,
				BF56EF9B166491C400687060 /* jumphack.c */,
				BF56EF9C166491C400687060 /* compare_core.c */,
				BF56EF9D166491C400687060 /* cop0.c */,
				BF56EF9E166491C400687060 /* cop1_d.c */,
				BF56EF9F166491C400687060 /* cop1_l.c */,
				BF56EFA0166491C400687060 /* cop1_s.c */,
				BF56EFA1166491C400687060 /* cop1_w.c */,
				BF56EFA2166491C400687060 /* cop1.c */,
				BF56EFA3166491C400687060 /* exception.c */,
				BF56EFA4166491C400687060 /* interupt.c */,
				BF56EFA5166491C400687060 /* profile.c */,
				BF56EFA6166491C400687060 /* pure_interp.c */,
				BF56EFA7166491C400687060 /* recomp.c */,
				BF56EFA8166491C400687060 /* regimm.c */,
				BF56EFA9166491C400687060 /* special.c */,
				BF56EFAA166491C400687060 /* tlb.c */,
				BF56EFAB166491C400687060 /* dma.c */,
				BF56EFAC166491C400687060 /* flashram.c */,
				BF56EFAD166491C400687060 /* memory.c */,
				BF56EFAE166491C400687060 /* pif.c */,
				BF56EFAF166491C400687060 /* tlb.c */,
				BF56EFB0166491C400687060 /* 7zAlloc.c */,
				BF56EFB1166491C400687060 /* 7zBuffer.c */,
				BF56EFB2166491C400687060 /* 7zCrc.c */,
				BF56EFB3166491C400687060 /* 7zDecode.c */,
				BF56EFB4166491C400687060 /* 7zExtract.c */,
				BF56EFB5166491C400687060 /* 7zHeader.c */,
				BF56EFB6166491C400687060 /* 7zIn.c */,
				BF56EFB7166491C400687060 /* 7zItem.c */,
				BF56EFB8166491C400687060 /* 7zMain.c */,
				BF56EFB9166491C400687060 /* BranchX86_2.c */,
				BF56EFBA166491C400687060 /* BranchX86.c */,
				BF56EFBB166491C400687060 /* LzmaDecode.c */,
				BF56EFBC166491C400687060 /* blocksort.c */,
				BF56EFBD166491C400687060 /* bzlib.c */,
				BF56EFBE166491C400687060 /* compress.c */,
				BF56EFBF166491C400687060 /* crctable.c */,
				BF56EFC0166491C400687060 /* decompress.c */,
				BF56EFC1166491C400687060 /* huffman.c */,
				BF56EFC2166491C400687060 /* randtable.c */,
				BF56EFC3166491C400687060 /* buffer.c */,
				BF56EFC4166491C400687060 /* io.c */,
				BF56EFC5166491C400687060 /* main.c */,
				BF56EFC6166491C400687060 /* ioapi.c */,
				BF56EFC7166491C400687060 /* unzip.c */,
				BF56EFC8166491C400687060 /* adler32.c */,
				BF56EFC9166491C400687060 /* cheat.c */,
				BF56EFCA166491C400687060 /* config.c */,
				BF56EFCB166491C400687060 /* md5.c */,
				BF56EFCC166491C400687060 /* rom.c */,
				BF56EFCD166491C400687060 /* romcache.c */,
				BF56EFCE166491C400687060 /* savestates.c */,
				BF56EFCF166491C400687060 /* util.c */,
				BF56EFD0166491C400687060 /* translate.c */,
				BF56EFD6166491C400687060 /* lirc.c */,
				BF7678DF1665AF1600C647D8 /* assem_arm.c */,
				BF56EFD7166491C400687060 /* r4300.c */,
				BF7678DA16659F8200C647D8 /* n64ios_arm.s */,
				BF7678E21665B0BA00C647D8 /* new_dynarec.h */,
				BF56EFD9166491C400687060 /* new_dynarec.c */,
				BF56EFDA166491C400687060 /* empty_dynarec.c */,
			);
			name = Mupen64Plus;
			sourceTree = "<group>";
		};
		BF56EF471664918600687060 /* Emulator */ = {
			isa = PBXGroup;
			children = (
				BF56EF49166491C400687060 /* main.c */,
				BF393B651664946E00260A12 /* Mupen64Plus */,
				BF393B621664945C00260A12 /* SDL */,
			);
			name = Emulator;
			sourceTree = "<group>";
		};
		BFB36C1315805EDA004F5A4E = {
			isa = PBXGroup;
			children = (
				BFB36C2815805EDB004F5A4E /* N64iOS */,
				BF0D18171660D0240050AD3C /* Plugins */,
				BFB36C2115805EDB004F5A4E /* Frameworks */,
				BFB36C1F15805EDB004F5A4E /* Products */,
			);
			sourceTree = "<group>";
		};
		BFB36C1F15805EDB004F5A4E /* Products */ = {
			isa = PBXGroup;
			children = (
				BFB36C1E15805EDB004F5A4E /* N64iOS.app */,
			);
			name = Products;
			sourceTree = "<group>";
		};
		BFB36C2115805EDB004F5A4E /* Frameworks */ = {
			isa = PBXGroup;
			children = (
				BFA373BF16608E5600BAEBC6 /* libiconv.dylib */,
				BFB36C4E15806091004F5A4E /* libz.dylib */,
				BFB36C4C15806084004F5A4E /* QuartzCore.framework */,
				BFB36C4A1580607E004F5A4E /* OpenGLES.framework */,
				BFB36C4815806078004F5A4E /* AudioToolbox.framework */,
				BFB36C2215805EDB004F5A4E /* UIKit.framework */,
				BFB36C2415805EDB004F5A4E /* Foundation.framework */,
				BFB36C2615805EDB004F5A4E /* CoreGraphics.framework */,
			);
			name = Frameworks;
			sourceTree = "<group>";
		};
		BFB36C2815805EDB004F5A4E /* N64iOS */ = {
			isa = PBXGroup;
			children = (
				BF56EF471664918600687060 /* Emulator */,
				BFB36C3115805EDB004F5A4E /* N64AppDelegate.h */,
				BFB36C3215805EDB004F5A4E /* N64AppDelegate.m */,
				BFB36C3415805EDB004F5A4E /* MainStoryboard_iPhone.storyboard */,
				BFB36C3715805EDB004F5A4E /* MainStoryboard_iPad.storyboard */,
				BFB36C3A15805EDB004F5A4E /* N64MasterViewController.h */,
				BFB36C3B15805EDB004F5A4E /* N64MasterViewController.m */,
				BFB36C3D15805EDB004F5A4E /* N64DetailViewController.h */,
				BFB36C3E15805EDB004F5A4E /* N64DetailViewController.m */,
				BFB37865158063AD004F5A4E /* ShoutOutAppDelegate.h */,
				BFB37866158063AE004F5A4E /* ShoutOutAppDelegate.m */,
				BFB37867158063CD004F5A4E /* SDL_uikitwindow.h */,
				BFB37868158063CD004F5A4E /* SDL_uikitwindow.m */,
				BF0D18C41660DA970050AD3C /* N64Options.h */,
				BFB36C2915805EDB004F5A4E /* Supporting Files */,
			);
			path = N64iOS;
			sourceTree = "<group>";
		};
		BFB36C2915805EDB004F5A4E /* Supporting Files */ = {
			isa = PBXGroup;
			children = (
				BFB22AEE16253BE900FFDD9D /* mupen64plus.conf */,
				BFB36C2A15805EDB004F5A4E /* N64iOS-Info.plist */,
				BFB36C2B15805EDB004F5A4E /* InfoPlist.strings */,
				BFB36C2E15805EDB004F5A4E /* main.m */,
				BFB36C3015805EDB004F5A4E /* N64iOS-Prefix.pch */,
			);
			name = "Supporting Files";
			sourceTree = "<group>";
		};
/* End PBXGroup section */

/* Begin PBXNativeTarget section */
		BFB36C1D15805EDB004F5A4E /* N64iOS */ = {
			isa = PBXNativeTarget;
			buildConfigurationList = BFB36C4215805EDB004F5A4E /* Build configuration list for PBXNativeTarget "N64iOS" */;
			buildPhases = (
				BFB36C1A15805EDB004F5A4E /* Sources */,
				BFB36C1B15805EDB004F5A4E /* Frameworks */,
				BFB36C1C15805EDB004F5A4E /* Resources */,
			);
			buildRules = (
			);
			dependencies = (
			);
			name = N64iOS;
			productName = N64iOS;
			productReference = BFB36C1E15805EDB004F5A4E /* N64iOS.app */;
			productType = "com.apple.product-type.application";
		};
/* End PBXNativeTarget section */

/* Begin PBXProject section */
		BFB36C1515805EDA004F5A4E /* Project object */ = {
			isa = PBXProject;
			attributes = {
				CLASSPREFIX = N64;
				LastUpgradeCheck = 0430;
				ORGANIZATIONNAME = "Testut Tech";
			};
			buildConfigurationList = BFB36C1815805EDA004F5A4E /* Build configuration list for PBXProject "N64iOS" */;
			compatibilityVersion = "Xcode 3.2";
			developmentRegion = English;
			hasScannedForEncodings = 0;
			knownRegions = (
				en,
			);
			mainGroup = BFB36C1315805EDA004F5A4E;
			productRefGroup = BFB36C1F15805EDB004F5A4E /* Products */;
			projectDirPath = "";
			projectRoot = "";
			targets = (
				BFB36C1D15805EDB004F5A4E /* N64iOS */,
			);
		};
/* End PBXProject section */

/* Begin PBXResourcesBuildPhase section */
		BFB36C1C15805EDB004F5A4E /* Resources */ = {
			isa = PBXResourcesBuildPhase;
			buildActionMask = 2147483647;
			files = (
				BFB36C2D15805EDB004F5A4E /* InfoPlist.strings in Resources */,
				BFB36C3615805EDB004F5A4E /* MainStoryboard_iPhone.storyboard in Resources */,
				BFB36C3915805EDB004F5A4E /* MainStoryboard_iPad.storyboard in Resources */,
				BFB22AEF16253BE900FFDD9D /* mupen64plus.conf in Resources */,
				BF0D18261660D0540050AD3C /* dummyvideo.dylib in Resources */,
				BF0D18271660D0580050AD3C /* gles2n64.dylib in Resources */,
				BF0D18281660D05B0050AD3C /* jttl_audio.dylib in Resources */,
				BF0D18291660D05D0050AD3C /* mupen64_hle_rsp_azimer.dylib in Resources */,
				BF0D182B1660D5DA0050AD3C /* dummyinput.dylib in Resources */,
				BF3D116216699B9A004C3D11 /* jttl_audio.conf in Resources */,
				BF3D116316699B9A004C3D11 /* mupen64plus.conf in Resources */,
				BF3D11DD1669A7B8004C3D11 /* gles2n64.conf in Resources */,
			);
			runOnlyForDeploymentPostprocessing = 0;
		};
/* End PBXResourcesBuildPhase section */

/* Begin PBXSourcesBuildPhase section */
		BFB36C1A15805EDB004F5A4E /* Sources */ = {
			isa = PBXSourcesBuildPhase;
			buildActionMask = 2147483647;
			files = (
				BF56EFDD166491C400687060 /* main.c in Sources */,
				BF56EFDE166491C400687060 /* SDL_compat.c in Sources */,
				BF56EFDF166491C400687060 /* SDL_error.c in Sources */,
				BF56EFE0166491C400687060 /* SDL_fatal.c in Sources */,
				BF56EFE1166491C400687060 /* SDL.c in Sources */,
				BF56EFE2166491C400687060 /* SDL_atomic.c in Sources */,
				BF56EFE3166491C400687060 /* SDL_syshaptic.c in Sources */,
				BF56EFE4166491C400687060 /* SDL_haptic.c in Sources */,
				BF56EFE5166491C400687060 /* SDL_sysloadso.c in Sources */,
				BF56EFE6166491C400687060 /* SDL_blendline.c in Sources */,
				BF56EFE7166491C400687060 /* SDL_blendpoint.c in Sources */,
				BF56EFE8166491C400687060 /* SDL_blendrect.c in Sources */,
				BF56EFE9166491C400687060 /* SDL_blit_0.c in Sources */,
				BF56EFEA166491C400687060 /* SDL_blit_1.c in Sources */,
				BF56EFEB166491C400687060 /* SDL_blit_A.c in Sources */,
				BF56EFEC166491C400687060 /* SDL_blit_auto.c in Sources */,
				BF56EFED166491C400687060 /* SDL_blit_copy.c in Sources */,
				BF56EFEE166491C400687060 /* SDL_blit_N.c in Sources */,
				BF56EFEF166491C400687060 /* SDL_blit_slow.c in Sources */,
				BF56EFF0166491C400687060 /* SDL_blit.c in Sources */,
				BF56EFF1166491C400687060 /* SDL_bmp.c in Sources */,
				BF56EFF2166491C400687060 /* SDL_drawline.c in Sources */,
				BF56EFF3166491C400687060 /* SDL_drawpoint.c in Sources */,
				BF56EFF4166491C400687060 /* SDL_fillrect.c in Sources */,
				BF56EFF5166491C400687060 /* SDL_gamma.c in Sources */,
				BF56EFF6166491C400687060 /* SDL_pixels.c in Sources */,
				BF56EFF7166491C400687060 /* SDL_rect.c in Sources */,
				BF56EFF8166491C400687060 /* SDL_renderer_gl.c in Sources */,
				BF56EFF9166491C400687060 /* SDL_renderer_gles.c in Sources */,
				BF56EFFA166491C400687060 /* SDL_renderer_sw.c in Sources */,
				BF56EFFB166491C400687060 /* SDL_RLEaccel.c in Sources */,
				BF56EFFC166491C400687060 /* SDL_stretch.c in Sources */,
				BF56EFFD166491C400687060 /* SDL_surface.c in Sources */,
				BF56EFFE166491C400687060 /* SDL_video.c in Sources */,
				BF56EFFF166491C400687060 /* SDL_yuv_mmx.c in Sources */,
				BF56F000166491C400687060 /* SDL_yuv_sw.c in Sources */,
				BF56F001166491C400687060 /* SDL_sysloadso.c in Sources */,
				BF56F002166491C400687060 /* SDL_joystick.c in Sources */,
				BF56F003166491C400687060 /* SDL_coreaudio_iphone.c in Sources */,
				BF56F004166491C400687060 /* SDL_nullevents.c in Sources */,
				BF56F005166491C400687060 /* SDL_nullrender.c in Sources */,
				BF56F006166491C400687060 /* SDL_nullvideo.c in Sources */,
				BF56F007166491C400687060 /* SDL_syscond.c in Sources */,
				BF56F008166491C400687060 /* SDL_sysmutex.c in Sources */,
				BF56F009166491C400687060 /* SDL_syssem.c in Sources */,
				BF56F00A166491C400687060 /* SDL_systhread.c in Sources */,
				BF56F00B166491C400687060 /* SDL_thread.c in Sources */,
				BF56F00C166491C400687060 /* SDL_cpuinfo.c in Sources */,
				BF56F00D166491C400687060 /* SDL_events.c in Sources */,
				BF56F00E166491C400687060 /* SDL_keyboard.c in Sources */,
				BF56F00F166491C400687060 /* SDL_mouse.c in Sources */,
				BF56F010166491C400687060 /* SDL_quit.c in Sources */,
				BF56F011166491C400687060 /* SDL_windowevents.c in Sources */,
				BF56F012166491C400687060 /* SDL_rwops.c in Sources */,
				BF56F013166491C400687060 /* SDL_getenv.c in Sources */,
				BF56F014166491C400687060 /* SDL_iconv.c in Sources */,
				BF56F015166491C400687060 /* SDL_malloc.c in Sources */,
				BF56F016166491C400687060 /* SDL_qsort.c in Sources */,
				BF56F017166491C400687060 /* SDL_stdlib.c in Sources */,
				BF56F018166491C400687060 /* SDL_string.c in Sources */,
				BF56F019166491C400687060 /* SDL_dummyaudio.c in Sources */,
				BF56F01A166491C400687060 /* SDL_audio.c in Sources */,
				BF56F01B166491C400687060 /* SDL_audiocvt.c in Sources */,
				BF56F01C166491C400687060 /* SDL_audiotypecvt.c in Sources */,
				BF56F01D166491C400687060 /* SDL_mixer_m68k.c in Sources */,
				BF56F01E166491C400687060 /* SDL_mixer_MMX_VC.c in Sources */,
				BF56F01F166491C400687060 /* SDL_mixer_MMX.c in Sources */,
				BF56F020166491C400687060 /* SDL_mixer.c in Sources */,
				BF56F021166491C400687060 /* SDL_wave.c in Sources */,
				BF56F022166491C400687060 /* SDL_systimer.c in Sources */,
				BF56F023166491C400687060 /* SDL_timer.c in Sources */,
				BF56F024166491C500687060 /* SDL_sysjoystick.m in Sources */,
				BF56F025166491C500687060 /* SDLUIAccelerationDelegate.m in Sources */,
				BF56F026166491C500687060 /* SDL_uikitappdelegate.m in Sources */,
				BF56F027166491C500687060 /* SDL_uikitevents.m in Sources */,
				BF56F028166491C500687060 /* SDL_uikitopengles.m in Sources */,
				BF56F029166491C500687060 /* SDL_uikitopenglview.m in Sources */,
				BF56F02A166491C500687060 /* SDL_uikitvideo.m in Sources */,
				BF56F02B166491C500687060 /* SDL_uikitview.m in Sources */,
				BF56F02C166491C500687060 /* SDL_uikitwindow.m in Sources */,
				BF56F02D166491C500687060 /* plugin.c in Sources */,
				BF56F02E166491C500687060 /* bc.c in Sources */,
				BF56F02F166491C500687060 /* jumphack.c in Sources */,
				BF56F030166491C500687060 /* compare_core.c in Sources */,
				BF56F031166491C500687060 /* cop0.c in Sources */,
				BF56F032166491C500687060 /* cop1_d.c in Sources */,
				BF56F033166491C500687060 /* cop1_l.c in Sources */,
				BF56F034166491C500687060 /* cop1_s.c in Sources */,
				BF56F035166491C500687060 /* cop1_w.c in Sources */,
				BF56F036166491C500687060 /* cop1.c in Sources */,
				BF56F037166491C500687060 /* exception.c in Sources */,
				BF56F038166491C500687060 /* interupt.c in Sources */,
				BF56F039166491C500687060 /* profile.c in Sources */,
				BF56F03A166491C500687060 /* pure_interp.c in Sources */,
				BF56F03B166491C500687060 /* recomp.c in Sources */,
				BF56F03C166491C500687060 /* regimm.c in Sources */,
				BF56F03D166491C500687060 /* special.c in Sources */,
				BF56F03E166491C500687060 /* tlb.c in Sources */,
				BF56F03F166491C500687060 /* dma.c in Sources */,
				BF56F040166491C500687060 /* flashram.c in Sources */,
				BF56F041166491C500687060 /* memory.c in Sources */,
				BF56F042166491C500687060 /* pif.c in Sources */,
				BF56F043166491C500687060 /* tlb.c in Sources */,
				BF56F044166491C500687060 /* 7zAlloc.c in Sources */,
				BF56F045166491C500687060 /* 7zBuffer.c in Sources */,
				BF56F046166491C500687060 /* 7zCrc.c in Sources */,
				BF56F047166491C500687060 /* 7zDecode.c in Sources */,
				BF56F048166491C500687060 /* 7zExtract.c in Sources */,
				BF56F049166491C500687060 /* 7zHeader.c in Sources */,
				BF56F04A166491C500687060 /* 7zIn.c in Sources */,
				BF56F04B166491C500687060 /* 7zItem.c in Sources */,
				BF56F04C166491C500687060 /* 7zMain.c in Sources */,
				BF56F04D166491C500687060 /* BranchX86_2.c in Sources */,
				BF56F04E166491C500687060 /* BranchX86.c in Sources */,
				BF56F04F166491C500687060 /* LzmaDecode.c in Sources */,
				BF56F050166491C500687060 /* blocksort.c in Sources */,
				BF56F051166491C500687060 /* bzlib.c in Sources */,
				BF56F052166491C500687060 /* compress.c in Sources */,
				BF56F053166491C500687060 /* crctable.c in Sources */,
				BF56F054166491C500687060 /* decompress.c in Sources */,
				BF56F055166491C500687060 /* huffman.c in Sources */,
				BF56F056166491C500687060 /* randtable.c in Sources */,
				BF56F057166491C500687060 /* buffer.c in Sources */,
				BF56F058166491C500687060 /* io.c in Sources */,
				BF56F059166491C500687060 /* main.c in Sources */,
				BF56F05A166491C500687060 /* ioapi.c in Sources */,
				BF56F05B166491C500687060 /* unzip.c in Sources */,
				BF56F05C166491C500687060 /* adler32.c in Sources */,
				BF56F05D166491C500687060 /* cheat.c in Sources */,
				BF56F05E166491C500687060 /* config.c in Sources */,
				BF56F05F166491C500687060 /* md5.c in Sources */,
				BF56F060166491C500687060 /* rom.c in Sources */,
				BF56F061166491C500687060 /* romcache.c in Sources */,
				BF56F062166491C500687060 /* savestates.c in Sources */,
				BF56F063166491C500687060 /* util.c in Sources */,
				BF56F064166491C500687060 /* translate.c in Sources */,
				BF56F06A166491C500687060 /* lirc.c in Sources */,
				BF56F06B166491C500687060 /* r4300.c in Sources */,
				BF56F06D166491C500687060 /* new_dynarec.c in Sources */,
				BF56F06E166491C500687060 /* empty_dynarec.c in Sources */,
				BFB36C2F15805EDB004F5A4E /* main.m in Sources */,
				BFB36C3315805EDB004F5A4E /* N64AppDelegate.m in Sources */,
				BFB36C3C15805EDB004F5A4E /* N64MasterViewController.m in Sources */,
				BFB36C3F15805EDB004F5A4E /* N64DetailViewController.m in Sources */,
				BF7678DB16659F8200C647D8 /* n64ios_arm.s in Sources */,
			);
			runOnlyForDeploymentPostprocessing = 0;
		};
/* End PBXSourcesBuildPhase section */

/* Begin PBXVariantGroup section */
		BFB36C2B15805EDB004F5A4E /* InfoPlist.strings */ = {
			isa = PBXVariantGroup;
			children = (
				BFB36C2C15805EDB004F5A4E /* en */,
			);
			name = InfoPlist.strings;
			sourceTree = "<group>";
		};
		BFB36C3415805EDB004F5A4E /* MainStoryboard_iPhone.storyboard */ = {
			isa = PBXVariantGroup;
			children = (
				BFB36C3515805EDB004F5A4E /* en */,
			);
			name = MainStoryboard_iPhone.storyboard;
			sourceTree = "<group>";
		};
		BFB36C3715805EDB004F5A4E /* MainStoryboard_iPad.storyboard */ = {
			isa = PBXVariantGroup;
			children = (
				BFB36C3815805EDB004F5A4E /* en */,
			);
			name = MainStoryboard_iPad.storyboard;
			sourceTree = "<group>";
		};
/* End PBXVariantGroup section */

/* Begin XCBuildConfiguration section */
		BFB36C4015805EDB004F5A4E /* Debug */ = {
			isa = XCBuildConfiguration;
			buildSettings = {
				ALWAYS_SEARCH_USER_PATHS = NO;
				ARCHS = armv7;
				CLANG_ENABLE_OBJC_ARC = YES;
				"CODE_SIGN_IDENTITY[sdk=iphoneos*]" = "iPhone Developer";
				COPY_PHASE_STRIP = NO;
				GCC_C_LANGUAGE_STANDARD = gnu99;
				GCC_DYNAMIC_NO_PIC = NO;
				GCC_OPTIMIZATION_LEVEL = 0;
				GCC_PREPROCESSOR_DEFINITIONS = (
					"DEBUG=1",
					"$(inherited)",
				);
				GCC_SYMBOLS_PRIVATE_EXTERN = NO;
				GCC_VERSION = com.apple.compilers.llvm.clang.1_0;
				GCC_WARN_ABOUT_RETURN_TYPE = YES;
				GCC_WARN_UNINITIALIZED_AUTOS = YES;
				GCC_WARN_UNUSED_VARIABLE = YES;
				HEADER_SEARCH_PATHS = (
					"../src/SDL/src/**",
					../src/SDL/include/,
					../src/libpng/,
					../src/Mupen64Plus/r4300,
				);
				IPHONEOS_DEPLOYMENT_TARGET = 5.1;
				SDKROOT = iphoneos;
				TARGETED_DEVICE_FAMILY = "1,2";
			};
			name = Debug;
		};
		BFB36C4115805EDB004F5A4E /* Release */ = {
			isa = XCBuildConfiguration;
			buildSettings = {
				ALWAYS_SEARCH_USER_PATHS = NO;
				ARCHS = armv7;
				CLANG_ENABLE_OBJC_ARC = YES;
				"CODE_SIGN_IDENTITY[sdk=iphoneos*]" = "iPhone Developer";
				COPY_PHASE_STRIP = YES;
				GCC_C_LANGUAGE_STANDARD = gnu99;
				GCC_VERSION = com.apple.compilers.llvm.clang.1_0;
				GCC_WARN_ABOUT_RETURN_TYPE = YES;
				GCC_WARN_UNINITIALIZED_AUTOS = YES;
				GCC_WARN_UNUSED_VARIABLE = YES;
				HEADER_SEARCH_PATHS = (
					"../src/SDL/src/**",
					../src/SDL/include/,
					../src/libpng/,
					../src/Mupen64Plus/r4300,
				);
				IPHONEOS_DEPLOYMENT_TARGET = 5.1;
				OTHER_CFLAGS = "-DNS_BLOCK_ASSERTIONS=1";
				SDKROOT = iphoneos;
				TARGETED_DEVICE_FAMILY = "1,2";
				VALIDATE_PRODUCT = YES;
			};
			name = Release;
		};
		BFB36C4315805EDB004F5A4E /* Debug */ = {
			isa = XCBuildConfiguration;
			buildSettings = {
				GCC_PRECOMPILE_PREFIX_HEADER = YES;
				GCC_PREFIX_HEADER = "N64iOS/N64iOS-Prefix.pch";
				INFOPLIST_FILE = "N64iOS/N64iOS-Info.plist";
				LIBRARY_SEARCH_PATHS = "$(inherited)";
				PRODUCT_NAME = "$(TARGET_NAME)";
				TARGETED_DEVICE_FAMILY = 1;
				WRAPPER_EXTENSION = app;
			};
			name = Debug;
		};
		BFB36C4415805EDB004F5A4E /* Release */ = {
			isa = XCBuildConfiguration;
			buildSettings = {
				GCC_PRECOMPILE_PREFIX_HEADER = YES;
				GCC_PREFIX_HEADER = "N64iOS/N64iOS-Prefix.pch";
				INFOPLIST_FILE = "N64iOS/N64iOS-Info.plist";
				LIBRARY_SEARCH_PATHS = "$(inherited)";
				PRODUCT_NAME = "$(TARGET_NAME)";
				TARGETED_DEVICE_FAMILY = 1;
				WRAPPER_EXTENSION = app;
			};
			name = Release;
		};
/* End XCBuildConfiguration section */

/* Begin XCConfigurationList section */
		BFB36C1815805EDA004F5A4E /* Build configuration list for PBXProject "N64iOS" */ = {
			isa = XCConfigurationList;
			buildConfigurations = (
				BFB36C4015805EDB004F5A4E /* Debug */,
				BFB36C4115805EDB004F5A4E /* Release */,
			);
			defaultConfigurationIsVisible = 0;
			defaultConfigurationName = Release;
		};
		BFB36C4215805EDB004F5A4E /* Build configuration list for PBXNativeTarget "N64iOS" */ = {
			isa = XCConfigurationList;
			buildConfigurations = (
				BFB36C4315805EDB004F5A4E /* Debug */,
				BFB36C4415805EDB004F5A4E /* Release */,
			);
			defaultConfigurationIsVisible = 0;
			defaultConfigurationName = Release;
		};
/* End XCConfigurationList section */
	};
	rootObject = BFB36C1515805EDA004F5A4E /* Project object */;
}
