// !$*UTF8*$!
{
	archiveVersion = 1;
	classes = {
	};
	objectVersion = 46;
	objects = {

/* Begin PBXFileReference section */
		BF0D18031660CB450050AD3C /* .DS_Store */ = {isa = PBXFileReference; lastKnownFileType = file; path = .DS_Store; sourceTree = "<group>"; };
		BF0D18041660CB450050AD3C /* input.c */ = {isa = PBXFileReference; lastKnownFileType = sourcecode.c.c; path = input.c; sourceTree = "<group>"; };
		BF0D18051660CB450050AD3C /* input.h */ = {isa = PBXFileReference; lastKnownFileType = sourcecode.c.h; path = input.h; sourceTree = "<group>"; };
		BF0D18061660CB450050AD3C /* Input_1.1.h */ = {isa = PBXFileReference; lastKnownFileType = sourcecode.c.h; path = Input_1.1.h; sourceTree = "<group>"; };
		BF0D18071660CB450050AD3C /* Makefile */ = {isa = PBXFileReference; lastKnownFileType = sourcecode.make; path = Makefile; sourceTree = "<group>"; };
		BF0D18081660CB450050AD3C /* makewin32.bat */ = {isa = PBXFileReference; lastKnownFileType = text; path = makewin32.bat; sourceTree = "<group>"; };
/* End PBXFileReference section */

/* Begin PBXGroup section */
		BF0D17FB1660CB450050AD3C = {
			isa = PBXGroup;
			children = (
				BF0D18031660CB450050AD3C /* .DS_Store */,
				BF0D18041660CB450050AD3C /* input.c */,
				BF0D18051660CB450050AD3C /* input.h */,
				BF0D18061660CB450050AD3C /* Input_1.1.h */,
				BF0D18071660CB450050AD3C /* Makefile */,
				BF0D18081660CB450050AD3C /* makewin32.bat */,
			);
			sourceTree = "<group>";
		};
/* End PBXGroup section */

/* Begin PBXLegacyTarget section */
		BF0D18021660CB450050AD3C /* dummy_input */ = {
			isa = PBXLegacyTarget;
			buildArgumentsString = "$(ACTION)";
			buildConfigurationList = BF0D18091660CB450050AD3C /* Build configuration list for PBXLegacyTarget "dummy_input" */;
			buildPhases = (
			);
			buildToolPath = /usr/bin/make;
			buildWorkingDirectory = "/Users/Riley/Developer/Open Source/My Projects/N64iOS/N64iOS/src/Mupen64Plus/dummy_input";
			dependencies = (
			);
			name = dummy_input;
			passBuildSettingsInEnvironment = 1;
			productName = dummy_input;
		};
/* End PBXLegacyTarget section */

/* Begin PBXProject section */
		BF0D17FD1660CB450050AD3C /* Project object */ = {
			isa = PBXProject;
			buildConfigurationList = BF0D18001660CB450050AD3C /* Build configuration list for PBXProject "dummy_input" */;
			compatibilityVersion = "Xcode 3.2";
			developmentRegion = English;
			hasScannedForEncodings = 0;
			knownRegions = (
				en,
			);
			mainGroup = BF0D17FB1660CB450050AD3C;
			projectDirPath = "";
			projectRoot = "";
			targets = (
				BF0D18021660CB450050AD3C /* dummy_input */,
			);
		};
/* End PBXProject section */

/* Begin XCBuildConfiguration section */
		BF0D17FE1660CB450050AD3C /* Debug */ = {
			isa = XCBuildConfiguration;
			buildSettings = {
				ARCHS = "$(ARCHS_STANDARD_32_BIT)";
				COPY_PHASE_STRIP = NO;
				GCC_WARN_ABOUT_RETURN_TYPE = YES;
				GCC_WARN_UNUSED_VARIABLE = YES;
				ONLY_ACTIVE_ARCH = YES;
				SDKROOT = macosx10.6;
			};
			name = Debug;
		};
		BF0D17FF1660CB450050AD3C /* Release */ = {
			isa = XCBuildConfiguration;
			buildSettings = {
				ARCHS = "$(ARCHS_STANDARD_32_BIT)";
				COPY_PHASE_STRIP = YES;
				GCC_WARN_ABOUT_RETURN_TYPE = YES;
				GCC_WARN_UNUSED_VARIABLE = YES;
				SDKROOT = macosx10.6;
			};
			name = Release;
		};
		BF0D180A1660CB450050AD3C /* Debug */ = {
			isa = XCBuildConfiguration;
			buildSettings = {
				COPY_PHASE_STRIP = NO;
				DEBUGGING_SYMBOLS = YES;
				GCC_DYNAMIC_NO_PIC = NO;
				GCC_ENABLE_FIX_AND_CONTINUE = YES;
				GCC_GENERATE_DEBUGGING_SYMBOLS = YES;
				GCC_OPTIMIZATION_LEVEL = 0;
				OTHER_CFLAGS = "";
				OTHER_LDFLAGS = "";
				PRODUCT_NAME = dummy_input;
				SDKROOT = iphoneos6.0;
			};
			name = Debug;
		};
		BF0D180B1660CB450050AD3C /* Release */ = {
			isa = XCBuildConfiguration;
			buildSettings = {
				COPY_PHASE_STRIP = YES;
				DEBUG_INFORMATION_FORMAT = "dwarf-with-dsym";
				GCC_ENABLE_FIX_AND_CONTINUE = NO;
				OTHER_CFLAGS = "";
				OTHER_LDFLAGS = "";
				PRODUCT_NAME = dummy_input;
				SDKROOT = iphoneos6.0;
			};
			name = Release;
		};
/* End XCBuildConfiguration section */

/* Begin XCConfigurationList section */
		BF0D18001660CB450050AD3C /* Build configuration list for PBXProject "dummy_input" */ = {
			isa = XCConfigurationList;
			buildConfigurations = (
				BF0D17FE1660CB450050AD3C /* Debug */,
				BF0D17FF1660CB450050AD3C /* Release */,
			);
			defaultConfigurationIsVisible = 0;
			defaultConfigurationName = Release;
		};
		BF0D18091660CB450050AD3C /* Build configuration list for PBXLegacyTarget "dummy_input" */ = {
			isa = XCConfigurationList;
			buildConfigurations = (
				BF0D180A1660CB450050AD3C /* Debug */,
				BF0D180B1660CB450050AD3C /* Release */,
			);
			defaultConfigurationIsVisible = 0;
			defaultConfigurationName = Release;
		};
/* End XCConfigurationList section */
	};
	rootObject = BF0D17FD1660CB450050AD3C /* Project object */;
}
