// !$*UTF8*$!
{
	archiveVersion = 1;
	classes = {
	};
	objectVersion = 46;
	objects = {

/* Begin PBXContainerItemProxy section */
		BF0D19A816634A010050AD3C /* PBXContainerItemProxy */ = {
			isa = PBXContainerItemProxy;
			containerPortal = BF0D199C16634A010050AD3C /* png.xcodeproj */;
			proxyType = 2;
			remoteGlobalIDString = BF0D196E166349370050AD3C;
			remoteInfo = png;
		};
/* End PBXContainerItemProxy section */

/* Begin PBXFileReference section */
		BF0D180C1660CB450050AD3C /* dummy_input.xcodeproj */ = {isa = PBXFileReference; lastKnownFileType = "wrapper.pb-project"; name = dummy_input.xcodeproj; path = ../N64iOS/src/Mupen64Plus/dummy_input/dummy_input.xcodeproj; sourceTree = "<group>"; };
		BF0D18101660CB740050AD3C /* pre.mk */ = {isa = PBXFileReference; lastKnownFileType = text; name = pre.mk; path = ../N64iOS/src/Mupen64Plus/pre.mk; sourceTree = "<group>"; };
		BF0D183B1660D6830050AD3C /* dummy_audio.xcodeproj */ = {isa = PBXFileReference; lastKnownFileType = "wrapper.pb-project"; name = dummy_audio.xcodeproj; path = ../N64iOS/src/Mupen64Plus/dummy_audio/dummy_audio.xcodeproj; sourceTree = "<group>"; };
		BF0D184F1660D69D0050AD3C /* dummy_video.xcodeproj */ = {isa = PBXFileReference; lastKnownFileType = "wrapper.pb-project"; name = dummy_video.xcodeproj; path = ../N64iOS/src/Mupen64Plus/dummy_video/dummy_video.xcodeproj; sourceTree = "<group>"; };
		BF0D18A21660D6AA0050AD3C /* gles2n64-read-only.xcodeproj */ = {isa = PBXFileReference; lastKnownFileType = "wrapper.pb-project"; name = "gles2n64-read-only.xcodeproj"; path = "../N64iOS/src/gles2n64-read-only/gles2n64-read-only.xcodeproj"; sourceTree = "<group>"; };
		BF0D18BD1660D6B30050AD3C /* jttl_audio.xcodeproj */ = {isa = PBXFileReference; lastKnownFileType = "wrapper.pb-project"; name = jttl_audio.xcodeproj; path = ../N64iOS/src/Mupen64Plus/jttl_audio/jttl_audio.xcodeproj; sourceTree = "<group>"; };
		BF0D199C16634A010050AD3C /* png.xcodeproj */ = {isa = PBXFileReference; lastKnownFileType = "wrapper.pb-project"; name = png.xcodeproj; path = ../N64iOS/src/libpng/png/png.xcodeproj; sourceTree = "<group>"; };
		BF3D11C916699FAA004C3D11 /* mupen64_hle_rsp_azimer.xcodeproj */ = {isa = PBXFileReference; lastKnownFileType = "wrapper.pb-project"; name = mupen64_hle_rsp_azimer.xcodeproj; path = ../N64iOS/src/Mupen64Plus/rsp_hle/mupen64_hle_rsp_azimer.xcodeproj; sourceTree = "<group>"; };
/* End PBXFileReference section */

/* Begin PBXGroup section */
		BF0D17E61660CABF0050AD3C = {
			isa = PBXGroup;
			children = (
				BF3D11C916699FAA004C3D11 /* mupen64_hle_rsp_azimer.xcodeproj */,
				BF0D199C16634A010050AD3C /* png.xcodeproj */,
				BF0D18101660CB740050AD3C /* pre.mk */,
				BF0D183B1660D6830050AD3C /* dummy_audio.xcodeproj */,
				BF0D180C1660CB450050AD3C /* dummy_input.xcodeproj */,
				BF0D184F1660D69D0050AD3C /* dummy_video.xcodeproj */,
				BF0D18A21660D6AA0050AD3C /* gles2n64-read-only.xcodeproj */,
				BF0D18BD1660D6B30050AD3C /* jttl_audio.xcodeproj */,
			);
			sourceTree = "<group>";
		};
		BF0D180D1660CB450050AD3C /* Products */ = {
			isa = PBXGroup;
			children = (
			);
			name = Products;
			sourceTree = "<group>";
		};
		BF0D183C1660D6830050AD3C /* Products */ = {
			isa = PBXGroup;
			children = (
			);
			name = Products;
			sourceTree = "<group>";
		};
		BF0D18501660D69D0050AD3C /* Products */ = {
			isa = PBXGroup;
			children = (
			);
			name = Products;
			sourceTree = "<group>";
		};
		BF0D18A31660D6AA0050AD3C /* Products */ = {
			isa = PBXGroup;
			children = (
			);
			name = Products;
			sourceTree = "<group>";
		};
		BF0D18BE1660D6B30050AD3C /* Products */ = {
			isa = PBXGroup;
			children = (
			);
			name = Products;
			sourceTree = "<group>";
		};
		BF0D199D16634A010050AD3C /* Products */ = {
			isa = PBXGroup;
			children = (
				BF0D19A916634A010050AD3C /* libpng.a */,
			);
			name = Products;
			sourceTree = "<group>";
		};
		BF3D11CA16699FAA004C3D11 /* Products */ = {
			isa = PBXGroup;
			children = (
			);
			name = Products;
			sourceTree = "<group>";
		};
/* End PBXGroup section */

/* Begin PBXLegacyTarget section */
		BF0D17ED1660CABF0050AD3C /* iN64-Plugins */ = {
			isa = PBXLegacyTarget;
			buildArgumentsString = "$(ACTION)";
			buildConfigurationList = BF0D17F01660CABF0050AD3C /* Build configuration list for PBXLegacyTarget "iN64-Plugins" */;
			buildPhases = (
			);
			buildToolPath = /usr/bin/make;
			dependencies = (
			);
			name = "iN64-Plugins";
			passBuildSettingsInEnvironment = 1;
			productName = "iN64-Plugins";
		};
/* End PBXLegacyTarget section */

/* Begin PBXProject section */
		BF0D17E81660CABF0050AD3C /* Project object */ = {
			isa = PBXProject;
			attributes = {
				LastUpgradeCheck = 0450;
				ORGANIZATIONNAME = "Riley Testut";
			};
			buildConfigurationList = BF0D17EB1660CABF0050AD3C /* Build configuration list for PBXProject "iN64-Plugins" */;
			compatibilityVersion = "Xcode 3.2";
			developmentRegion = English;
			hasScannedForEncodings = 0;
			knownRegions = (
				en,
			);
			mainGroup = BF0D17E61660CABF0050AD3C;
			projectDirPath = "";
			projectReferences = (
				{
					ProductGroup = BF0D183C1660D6830050AD3C /* Products */;
					ProjectRef = BF0D183B1660D6830050AD3C /* dummy_audio.xcodeproj */;
				},
				{
					ProductGroup = BF0D180D1660CB450050AD3C /* Products */;
					ProjectRef = BF0D180C1660CB450050AD3C /* dummy_input.xcodeproj */;
				},
				{
					ProductGroup = BF0D18501660D69D0050AD3C /* Products */;
					ProjectRef = BF0D184F1660D69D0050AD3C /* dummy_video.xcodeproj */;
				},
				{
					ProductGroup = BF0D18A31660D6AA0050AD3C /* Products */;
					ProjectRef = BF0D18A21660D6AA0050AD3C /* gles2n64-read-only.xcodeproj */;
				},
				{
					ProductGroup = BF0D18BE1660D6B30050AD3C /* Products */;
					ProjectRef = BF0D18BD1660D6B30050AD3C /* jttl_audio.xcodeproj */;
				},
				{
					ProductGroup = BF3D11CA16699FAA004C3D11 /* Products */;
					ProjectRef = BF3D11C916699FAA004C3D11 /* mupen64_hle_rsp_azimer.xcodeproj */;
				},
				{
					ProductGroup = BF0D199D16634A010050AD3C /* Products */;
					ProjectRef = BF0D199C16634A010050AD3C /* png.xcodeproj */;
				},
			);
			projectRoot = "";
			targets = (
				BF0D17ED1660CABF0050AD3C /* iN64-Plugins */,
			);
		};
/* End PBXProject section */

/* Begin PBXReferenceProxy section */
		BF0D19A916634A010050AD3C /* libpng.a */ = {
			isa = PBXReferenceProxy;
			fileType = archive.ar;
			path = libpng.a;
			remoteRef = BF0D19A816634A010050AD3C /* PBXContainerItemProxy */;
			sourceTree = BUILT_PRODUCTS_DIR;
		};
/* End PBXReferenceProxy section */

/* Begin XCBuildConfiguration section */
		BF0D17EE1660CABF0050AD3C /* Debug */ = {
			isa = XCBuildConfiguration;
			buildSettings = {
				ALWAYS_SEARCH_USER_PATHS = NO;
				ARCHS = armv7;
				CLANG_CXX_LANGUAGE_STANDARD = "gnu++0x";
				CLANG_CXX_LIBRARY = "libc++";
				CLANG_WARN_EMPTY_BODY = YES;
				CLANG_WARN__DUPLICATE_METHOD_MATCH = YES;
				COPY_PHASE_STRIP = NO;
				GCC_C_LANGUAGE_STANDARD = gnu99;
				GCC_DYNAMIC_NO_PIC = NO;
				GCC_ENABLE_OBJC_EXCEPTIONS = YES;
				GCC_OPTIMIZATION_LEVEL = 0;
				GCC_PREPROCESSOR_DEFINITIONS = (
					"DEBUG=1",
					"$(inherited)",
				);
				GCC_SYMBOLS_PRIVATE_EXTERN = NO;
				GCC_WARN_64_TO_32_BIT_CONVERSION = YES;
				GCC_WARN_ABOUT_RETURN_TYPE = YES;
				GCC_WARN_UNINITIALIZED_AUTOS = YES;
				GCC_WARN_UNUSED_VARIABLE = YES;
				ONLY_ACTIVE_ARCH = YES;
				SDKROOT = iphoneos6.0;
			};
			name = Debug;
		};
		BF0D17EF1660CABF0050AD3C /* Release */ = {
			isa = XCBuildConfiguration;
			buildSettings = {
				ALWAYS_SEARCH_USER_PATHS = NO;
				ARCHS = armv7;
				CLANG_CXX_LANGUAGE_STANDARD = "gnu++0x";
				CLANG_CXX_LIBRARY = "libc++";
				CLANG_WARN_EMPTY_BODY = YES;
				CLANG_WARN__DUPLICATE_METHOD_MATCH = YES;
				COPY_PHASE_STRIP = YES;
				DEBUG_INFORMATION_FORMAT = "dwarf-with-dsym";
				GCC_C_LANGUAGE_STANDARD = gnu99;
				GCC_ENABLE_OBJC_EXCEPTIONS = YES;
				GCC_WARN_64_TO_32_BIT_CONVERSION = YES;
				GCC_WARN_ABOUT_RETURN_TYPE = YES;
				GCC_WARN_UNINITIALIZED_AUTOS = YES;
				GCC_WARN_UNUSED_VARIABLE = YES;
				SDKROOT = iphoneos6.0;
			};
			name = Release;
		};
		BF0D17F11660CABF0050AD3C /* Debug */ = {
			isa = XCBuildConfiguration;
			buildSettings = {
				DEBUGGING_SYMBOLS = YES;
				GCC_GENERATE_DEBUGGING_SYMBOLS = YES;
				GCC_OPTIMIZATION_LEVEL = 0;
				OTHER_CFLAGS = "";
				OTHER_LDFLAGS = "";
				PRODUCT_NAME = "$(TARGET_NAME)";
				SDKROOT = iphoneos;
			};
			name = Debug;
		};
		BF0D17F21660CABF0050AD3C /* Release */ = {
			isa = XCBuildConfiguration;
			buildSettings = {
				OTHER_CFLAGS = "";
				OTHER_LDFLAGS = "";
				PRODUCT_NAME = "$(TARGET_NAME)";
				SDKROOT = iphoneos;
			};
			name = Release;
		};
/* End XCBuildConfiguration section */

/* Begin XCConfigurationList section */
		BF0D17EB1660CABF0050AD3C /* Build configuration list for PBXProject "iN64-Plugins" */ = {
			isa = XCConfigurationList;
			buildConfigurations = (
				BF0D17EE1660CABF0050AD3C /* Debug */,
				BF0D17EF1660CABF0050AD3C /* Release */,
			);
			defaultConfigurationIsVisible = 0;
			defaultConfigurationName = Release;
		};
		BF0D17F01660CABF0050AD3C /* Build configuration list for PBXLegacyTarget "iN64-Plugins" */ = {
			isa = XCConfigurationList;
			buildConfigurations = (
				BF0D17F11660CABF0050AD3C /* Debug */,
				BF0D17F21660CABF0050AD3C /* Release */,
			);
			defaultConfigurationIsVisible = 0;
			defaultConfigurationName = Release;
		};
/* End XCConfigurationList section */
	};
	rootObject = BF0D17E81660CABF0050AD3C /* Project object */;
}
